// !$*UTF8*$!
{
	archiveVersion = 1;
	classes = {
	};
	objectVersion = 55;
	objects = {

/* Begin PBXBuildFile section */
		9BC2A69C28EDD917002133ED /* MopconBackwardsClockApp.swift in Sources */ = {isa = PBXBuildFile; fileRef = 9BC2A69B28EDD917002133ED /* MopconBackwardsClockApp.swift */; };
		9BC2A6A028EDD919002133ED /* Assets.xcassets in Resources */ = {isa = PBXBuildFile; fileRef = 9BC2A69F28EDD919002133ED /* Assets.xcassets */; };
		9BC2A6A328EDD919002133ED /* Preview Assets.xcassets in Resources */ = {isa = PBXBuildFile; fileRef = 9BC2A6A228EDD919002133ED /* Preview Assets.xcassets */; };
		9BC2A70328F453E9002133ED /* Hand.swift in Sources */ = {isa = PBXBuildFile; fileRef = 9BC2A70228F453E9002133ED /* Hand.swift */; };
		9BC2A70528F455BB002133ED /* ContentView.swift in Sources */ = {isa = PBXBuildFile; fileRef = 9BC2A70428F455BB002133ED /* ContentView.swift */; };
		9BC2A70728F48BFD002133ED /* ClockNumberView.swift in Sources */ = {isa = PBXBuildFile; fileRef = 9BC2A70628F48BFD002133ED /* ClockNumberView.swift */; };
		9BC2A70E28F57D40002133ED /* ClockContainerView.swift in Sources */ = {isa = PBXBuildFile; fileRef = 9BC2A70D28F57D40002133ED /* ClockContainerView.swift */; };
		9BEC8DA828F686A3006508A1 /* AngleUtility.swift in Sources */ = {isa = PBXBuildFile; fileRef = 9BEC8DA728F686A3006508A1 /* AngleUtility.swift */; };
		9BEC8DAA28F6FC30006508A1 /* Clockwork.swift in Sources */ = {isa = PBXBuildFile; fileRef = 9BEC8DA928F6FC30006508A1 /* Clockwork.swift */; };
/* End PBXBuildFile section */

/* Begin PBXFileReference section */
		9BC2A69828EDD917002133ED /* MopconBackwardsClock.app */ = {isa = PBXFileReference; explicitFileType = wrapper.application; includeInIndex = 0; path = MopconBackwardsClock.app; sourceTree = BUILT_PRODUCTS_DIR; };
		9BC2A69B28EDD917002133ED /* MopconBackwardsClockApp.swift */ = {isa = PBXFileReference; lastKnownFileType = sourcecode.swift; path = MopconBackwardsClockApp.swift; sourceTree = "<group>"; };
		9BC2A69F28EDD919002133ED /* Assets.xcassets */ = {isa = PBXFileReference; lastKnownFileType = folder.assetcatalog; path = Assets.xcassets; sourceTree = "<group>"; };
		9BC2A6A228EDD919002133ED /* Preview Assets.xcassets */ = {isa = PBXFileReference; lastKnownFileType = folder.assetcatalog; path = "Preview Assets.xcassets"; sourceTree = "<group>"; };
		9BC2A70228F453E9002133ED /* Hand.swift */ = {isa = PBXFileReference; lastKnownFileType = sourcecode.swift; path = Hand.swift; sourceTree = "<group>"; };
		9BC2A70428F455BB002133ED /* ContentView.swift */ = {isa = PBXFileReference; lastKnownFileType = sourcecode.swift; path = ContentView.swift; sourceTree = "<group>"; };
		9BC2A70628F48BFD002133ED /* ClockNumberView.swift */ = {isa = PBXFileReference; lastKnownFileType = sourcecode.swift; path = ClockNumberView.swift; sourceTree = "<group>"; };
		9BC2A70D28F57D40002133ED /* ClockContainerView.swift */ = {isa = PBXFileReference; lastKnownFileType = sourcecode.swift; path = ClockContainerView.swift; sourceTree = "<group>"; };
		9BEC8DA728F686A3006508A1 /* AngleUtility.swift */ = {isa = PBXFileReference; lastKnownFileType = sourcecode.swift; path = AngleUtility.swift; sourceTree = "<group>"; };
		9BEC8DA928F6FC30006508A1 /* Clockwork.swift */ = {isa = PBXFileReference; lastKnownFileType = sourcecode.swift; path = Clockwork.swift; sourceTree = "<group>"; };
/* End PBXFileReference section */

/* Begin PBXFrameworksBuildPhase section */
		9BC2A69528EDD917002133ED /* Frameworks */ = {
			isa = PBXFrameworksBuildPhase;
			buildActionMask = 2147483647;
			files = (
			);
			runOnlyForDeploymentPostprocessing = 0;
		};
/* End PBXFrameworksBuildPhase section */

/* Begin PBXGroup section */
		9BC2A68F28EDD917002133ED = {
			isa = PBXGroup;
			children = (
				9BC2A69A28EDD917002133ED /* MopconBackwardsClock */,
				9BC2A69928EDD917002133ED /* Products */,
			);
			indentWidth = 2;
			sourceTree = "<group>";
			tabWidth = 2;
		};
		9BC2A69928EDD917002133ED /* Products */ = {
			isa = PBXGroup;
			children = (
				9BC2A69828EDD917002133ED /* MopconBackwardsClock.app */,
			);
			name = Products;
			sourceTree = "<group>";
		};
		9BC2A69A28EDD917002133ED /* MopconBackwardsClock */ = {
			isa = PBXGroup;
			children = (
				9BC2A69B28EDD917002133ED /* MopconBackwardsClockApp.swift */,
				9BC2A70128F453BE002133ED /* Views */,
				9BC2A69F28EDD919002133ED /* Assets.xcassets */,
				9BC2A6A128EDD919002133ED /* Preview Content */,
			);
			path = MopconBackwardsClock;
			sourceTree = "<group>";
		};
		9BC2A6A128EDD919002133ED /* Preview Content */ = {
			isa = PBXGroup;
			children = (
				9BC2A6A228EDD919002133ED /* Preview Assets.xcassets */,
			);
			path = "Preview Content";
			sourceTree = "<group>";
		};
		9BC2A70128F453BE002133ED /* Views */ = {
			isa = PBXGroup;
			children = (
				9BC2A70228F453E9002133ED /* Hand.swift */,
				9BC2A70628F48BFD002133ED /* ClockNumberView.swift */,
				9BC2A70D28F57D40002133ED /* ClockContainerView.swift */,
				9BEC8DA728F686A3006508A1 /* AngleUtility.swift */,
				9BC2A70428F455BB002133ED /* ContentView.swift */,
				9BEC8DA928F6FC30006508A1 /* Clockwork.swift */,
			);
			path = Views;
			sourceTree = "<group>";
		};
/* End PBXGroup section */

/* Begin PBXNativeTarget section */
		9BC2A69728EDD917002133ED /* MopconBackwardsClock */ = {
			isa = PBXNativeTarget;
			buildConfigurationList = 9BC2A6A628EDD919002133ED /* Build configuration list for PBXNativeTarget "MopconBackwardsClock" */;
			buildPhases = (
				9BC2A69428EDD917002133ED /* Sources */,
				9BC2A69528EDD917002133ED /* Frameworks */,
				9BC2A69628EDD917002133ED /* Resources */,
			);
			buildRules = (
			);
			dependencies = (
			);
			name = MopconBackwardsClock;
			productName = MopconBackwardsClock;
			productReference = 9BC2A69828EDD917002133ED /* MopconBackwardsClock.app */;
			productType = "com.apple.product-type.application";
		};
/* End PBXNativeTarget section */

/* Begin PBXProject section */
		9BC2A69028EDD917002133ED /* Project object */ = {
			isa = PBXProject;
			attributes = {
				BuildIndependentTargetsInParallel = 1;
				LastSwiftUpdateCheck = 1320;
				LastUpgradeCheck = 1320;
				TargetAttributes = {
					9BC2A69728EDD917002133ED = {
						CreatedOnToolsVersion = 13.2.1;
					};
				};
			};
			buildConfigurationList = 9BC2A69328EDD917002133ED /* Build configuration list for PBXProject "MopconBackwardsClock" */;
			compatibilityVersion = "Xcode 13.0";
			developmentRegion = en;
			hasScannedForEncodings = 0;
			knownRegions = (
				en,
				Base,
			);
			mainGroup = 9BC2A68F28EDD917002133ED;
			productRefGroup = 9BC2A69928EDD917002133ED /* Products */;
			projectDirPath = "";
			projectRoot = "";
			targets = (
				9BC2A69728EDD917002133ED /* MopconBackwardsClock */,
			);
		};
/* End PBXProject section */

/* Begin PBXResourcesBuildPhase section */
		9BC2A69628EDD917002133ED /* Resources */ = {
			isa = PBXResourcesBuildPhase;
			buildActionMask = 2147483647;
			files = (
				9BC2A6A328EDD919002133ED /* Preview Assets.xcassets in Resources */,
				9BC2A6A028EDD919002133ED /* Assets.xcassets in Resources */,
			);
			runOnlyForDeploymentPostprocessing = 0;
		};
/* End PBXResourcesBuildPhase section */

/* Begin PBXSourcesBuildPhase section */
		9BC2A69428EDD917002133ED /* Sources */ = {
			isa = PBXSourcesBuildPhase;
			buildActionMask = 2147483647;
			files = (
				9BEC8DA828F686A3006508A1 /* AngleUtility.swift in Sources */,
				9BC2A70E28F57D40002133ED /* ClockContainerView.swift in Sources */,
				9BC2A70728F48BFD002133ED /* ClockNumberView.swift in Sources */,
				9BC2A70328F453E9002133ED /* Hand.swift in Sources */,
				9BC2A69C28EDD917002133ED /* MopconBackwardsClockApp.swift in Sources */,
				9BC2A70528F455BB002133ED /* ContentView.swift in Sources */,
				9BEC8DAA28F6FC30006508A1 /* Clockwork.swift in Sources */,
			);
			runOnlyForDeploymentPostprocessing = 0;
		};
/* End PBXSourcesBuildPhase section */

/* Begin XCBuildConfiguration section */
		9BC2A6A428EDD919002133ED /* Debug */ = {
			isa = XCBuildConfiguration;
			buildSettings = {
				ALWAYS_SEARCH_USER_PATHS = NO;
				CLANG_ANALYZER_NONNULL = YES;
				CLANG_ANALYZER_NUMBER_OBJECT_CONVERSION = YES_AGGRESSIVE;
				CLANG_CXX_LANGUAGE_STANDARD = "gnu++17";
				CLANG_CXX_LIBRARY = "libc++";
				CLANG_ENABLE_MODULES = YES;
				CLANG_ENABLE_OBJC_ARC = YES;
				CLANG_ENABLE_OBJC_WEAK = YES;
				CLANG_WARN_BLOCK_CAPTURE_AUTORELEASING = YES;
				CLANG_WARN_BOOL_CONVERSION = YES;
				CLANG_WARN_COMMA = YES;
				CLANG_WARN_CONSTANT_CONVERSION = YES;
				CLANG_WARN_DEPRECATED_OBJC_IMPLEMENTATIONS = YES;
				CLANG_WARN_DIRECT_OBJC_ISA_USAGE = YES_ERROR;
				CLANG_WARN_DOCUMENTATION_COMMENTS = YES;
				CLANG_WARN_EMPTY_BODY = YES;
				CLANG_WARN_ENUM_CONVERSION = YES;
				CLANG_WARN_INFINITE_RECURSION = YES;
				CLANG_WARN_INT_CONVERSION = YES;
				CLANG_WARN_NON_LITERAL_NULL_CONVERSION = YES;
				CLANG_WARN_OBJC_IMPLICIT_RETAIN_SELF = YES;
				CLANG_WARN_OBJC_LITERAL_CONVERSION = YES;
				CLANG_WARN_OBJC_ROOT_CLASS = YES_ERROR;
				CLANG_WARN_QUOTED_INCLUDE_IN_FRAMEWORK_HEADER = YES;
				CLANG_WARN_RANGE_LOOP_ANALYSIS = YES;
				CLANG_WARN_STRICT_PROTOTYPES = YES;
				CLANG_WARN_SUSPICIOUS_MOVE = YES;
				CLANG_WARN_UNGUARDED_AVAILABILITY = YES_AGGRESSIVE;
				CLANG_WARN_UNREACHABLE_CODE = YES;
				CLANG_WARN__DUPLICATE_METHOD_MATCH = YES;
				COPY_PHASE_STRIP = NO;
				DEBUG_INFORMATION_FORMAT = dwarf;
				ENABLE_STRICT_OBJC_MSGSEND = YES;
				ENABLE_TESTABILITY = YES;
				GCC_C_LANGUAGE_STANDARD = gnu11;
				GCC_DYNAMIC_NO_PIC = NO;
				GCC_NO_COMMON_BLOCKS = YES;
				GCC_OPTIMIZATION_LEVEL = 0;
				GCC_PREPROCESSOR_DEFINITIONS = (
					"DEBUG=1",
					"$(inherited)",
				);
				GCC_WARN_64_TO_32_BIT_CONVERSION = YES;
				GCC_WARN_ABOUT_RETURN_TYPE = YES_ERROR;
				GCC_WARN_UNDECLARED_SELECTOR = YES;
				GCC_WARN_UNINITIALIZED_AUTOS = YES_AGGRESSIVE;
				GCC_WARN_UNUSED_FUNCTION = YES;
				GCC_WARN_UNUSED_VARIABLE = YES;
				IPHONEOS_DEPLOYMENT_TARGET = 15.2;
				MTL_ENABLE_DEBUG_INFO = INCLUDE_SOURCE;
				MTL_FAST_MATH = YES;
				ONLY_ACTIVE_ARCH = YES;
				SDKROOT = iphoneos;
				SWIFT_ACTIVE_COMPILATION_CONDITIONS = DEBUG;
				SWIFT_OPTIMIZATION_LEVEL = "-Onone";
			};
			name = Debug;
		};
		9BC2A6A528EDD919002133ED /* Release */ = {
			isa = XCBuildConfiguration;
			buildSettings = {
				ALWAYS_SEARCH_USER_PATHS = NO;
				CLANG_ANALYZER_NONNULL = YES;
				CLANG_ANALYZER_NUMBER_OBJECT_CONVERSION = YES_AGGRESSIVE;
				CLANG_CXX_LANGUAGE_STANDARD = "gnu++17";
				CLANG_CXX_LIBRARY = "libc++";
				CLANG_ENABLE_MODULES = YES;
				CLANG_ENABLE_OBJC_ARC = YES;
				CLANG_ENABLE_OBJC_WEAK = YES;
				CLANG_WARN_BLOCK_CAPTURE_AUTORELEASING = YES;
				CLANG_WARN_BOOL_CONVERSION = YES;
				CLANG_WARN_COMMA = YES;
				CLANG_WARN_CONSTANT_CONVERSION = YES;
				CLANG_WARN_DEPRECATED_OBJC_IMPLEMENTATIONS = YES;
				CLANG_WARN_DIRECT_OBJC_ISA_USAGE = YES_ERROR;
				CLANG_WARN_DOCUMENTATION_COMMENTS = YES;
				CLANG_WARN_EMPTY_BODY = YES;
				CLANG_WARN_ENUM_CONVERSION = YES;
				CLANG_WARN_INFINITE_RECURSION = YES;
				CLANG_WARN_INT_CONVERSION = YES;
				CLANG_WARN_NON_LITERAL_NULL_CONVERSION = YES;
				CLANG_WARN_OBJC_IMPLICIT_RETAIN_SELF = YES;
				CLANG_WARN_OBJC_LITERAL_CONVERSION = YES;
				CLANG_WARN_OBJC_ROOT_CLASS = YES_ERROR;
				CLANG_WARN_QUOTED_INCLUDE_IN_FRAMEWORK_HEADER = YES;
				CLANG_WARN_RANGE_LOOP_ANALYSIS = YES;
				CLANG_WARN_STRICT_PROTOTYPES = YES;
				CLANG_WARN_SUSPICIOUS_MOVE = YES;
				CLANG_WARN_UNGUARDED_AVAILABILITY = YES_AGGRESSIVE;
				CLANG_WARN_UNREACHABLE_CODE = YES;
				CLANG_WARN__DUPLICATE_METHOD_MATCH = YES;
				COPY_PHASE_STRIP = NO;
				DEBUG_INFORMATION_FORMAT = "dwarf-with-dsym";
				ENABLE_NS_ASSERTIONS = NO;
				ENABLE_STRICT_OBJC_MSGSEND = YES;
				GCC_C_LANGUAGE_STANDARD = gnu11;
				GCC_NO_COMMON_BLOCKS = YES;
				GCC_WARN_64_TO_32_BIT_CONVERSION = YES;
				GCC_WARN_ABOUT_RETURN_TYPE = YES_ERROR;
				GCC_WARN_UNDECLARED_SELECTOR = YES;
				GCC_WARN_UNINITIALIZED_AUTOS = YES_AGGRESSIVE;
				GCC_WARN_UNUSED_FUNCTION = YES;
				GCC_WARN_UNUSED_VARIABLE = YES;
				IPHONEOS_DEPLOYMENT_TARGET = 15.2;
				MTL_ENABLE_DEBUG_INFO = NO;
				MTL_FAST_MATH = YES;
				SDKROOT = iphoneos;
				SWIFT_COMPILATION_MODE = wholemodule;
				SWIFT_OPTIMIZATION_LEVEL = "-O";
				VALIDATE_PRODUCT = YES;
			};
			name = Release;
		};
		9BC2A6A728EDD919002133ED /* Debug */ = {
			isa = XCBuildConfiguration;
			buildSettings = {
				ASSETCATALOG_COMPILER_APPICON_NAME = AppIcon;
				ASSETCATALOG_COMPILER_GLOBAL_ACCENT_COLOR_NAME = AccentColor;
				CODE_SIGN_STYLE = Automatic;
				CURRENT_PROJECT_VERSION = 1;
				DEVELOPMENT_ASSET_PATHS = "\"MopconBackwardsClock/Preview Content\"";
				ENABLE_PREVIEWS = YES;
				GENERATE_INFOPLIST_FILE = YES;
				INFOPLIST_KEY_UIApplicationSceneManifest_Generation = YES;
				INFOPLIST_KEY_UIApplicationSupportsIndirectInputEvents = YES;
				INFOPLIST_KEY_UILaunchScreen_Generation = YES;
				INFOPLIST_KEY_UISupportedInterfaceOrientations_iPad = "UIInterfaceOrientationPortrait UIInterfaceOrientationPortraitUpsideDown UIInterfaceOrientationLandscapeLeft UIInterfaceOrientationLandscapeRight";
				INFOPLIST_KEY_UISupportedInterfaceOrientations_iPhone = "UIInterfaceOrientationPortrait UIInterfaceOrientationLandscapeLeft UIInterfaceOrientationLandscapeRight";
				LD_RUNPATH_SEARCH_PATHS = (
					"$(inherited)",
					"@executable_path/Frameworks",
				);
				MARKETING_VERSION = 1.0;
				PRODUCT_BUNDLE_IDENTIFIER = CMoney.MopconBackwardsClock;
				PRODUCT_NAME = "$(TARGET_NAME)";
				SWIFT_EMIT_LOC_STRINGS = YES;
				SWIFT_VERSION = 5.0;
				TARGETED_DEVICE_FAMILY = "1,2";
			};
			name = Debug;
		};
		9BC2A6A828EDD919002133ED /* Release */ = {
			isa = XCBuildConfiguration;
			buildSettings = {
				ASSETCATALOG_COMPILER_APPICON_NAME = AppIcon;
				ASSETCATALOG_COMPILER_GLOBAL_ACCENT_COLOR_NAME = AccentColor;
				CODE_SIGN_STYLE = Automatic;
				CURRENT_PROJECT_VERSION = 1;
				DEVELOPMENT_ASSET_PATHS = "\"MopconBackwardsClock/Preview Content\"";
				ENABLE_PREVIEWS = YES;
				GENERATE_INFOPLIST_FILE = YES;
				INFOPLIST_KEY_UIApplicationSceneManifest_Generation = YES;
				INFOPLIST_KEY_UIApplicationSupportsIndirectInputEvents = YES;
				INFOPLIST_KEY_UILaunchScreen_Generation = YES;
				INFOPLIST_KEY_UISupportedInterfaceOrientations_iPad = "UIInterfaceOrientationPortrait UIInterfaceOrientationPortraitUpsideDown UIInterfaceOrientationLandscapeLeft UIInterfaceOrientationLandscapeRight";
				INFOPLIST_KEY_UISupportedInterfaceOrientations_iPhone = "UIInterfaceOrientationPortrait UIInterfaceOrientationLandscapeLeft UIInterfaceOrientationLandscapeRight";
				LD_RUNPATH_SEARCH_PATHS = (
					"$(inherited)",
					"@executable_path/Frameworks",
				);
				MARKETING_VERSION = 1.0;
				PRODUCT_BUNDLE_IDENTIFIER = CMoney.MopconBackwardsClock;
				PRODUCT_NAME = "$(TARGET_NAME)";
				SWIFT_EMIT_LOC_STRINGS = YES;
				SWIFT_VERSION = 5.0;
				TARGETED_DEVICE_FAMILY = "1,2";
			};
			name = Release;
		};
/* End XCBuildConfiguration section */

/* Begin XCConfigurationList section */
		9BC2A69328EDD917002133ED /* Build configuration list for PBXProject "MopconBackwardsClock" */ = {
			isa = XCConfigurationList;
			buildConfigurations = (
				9BC2A6A428EDD919002133ED /* Debug */,
				9BC2A6A528EDD919002133ED /* Release */,
			);
			defaultConfigurationIsVisible = 0;
			defaultConfigurationName = Release;
		};
		9BC2A6A628EDD919002133ED /* Build configuration list for PBXNativeTarget "MopconBackwardsClock" */ = {
			isa = XCConfigurationList;
			buildConfigurations = (
				9BC2A6A728EDD919002133ED /* Debug */,
				9BC2A6A828EDD919002133ED /* Release */,
			);
			defaultConfigurationIsVisible = 0;
			defaultConfigurationName = Release;
		};
/* End XCConfigurationList section */
	};
	rootObject = 9BC2A69028EDD917002133ED /* Project object */;
}
