// !$*UTF8*$!
{
	archiveVersion = 1;
	classes = {
	};
	objectVersion = 55;
	objects = {

/* Begin PBXBuildFile section */
		9B18F70928D75D8C006F0345 /* KeynoteView.swift in Sources */ = {isa = PBXBuildFile; fileRef = 9B18F70828D75D8C006F0345 /* KeynoteView.swift */; };
		9B18F70D28D760A7006F0345 /* PageManager.swift in Sources */ = {isa = PBXBuildFile; fileRef = 9B18F70C28D760A7006F0345 /* PageManager.swift */; };
		9B404B7A28D88FD700D9607D /* TalkLandingPageView.swift in Sources */ = {isa = PBXBuildFile; fileRef = 9B404B7928D88FD700D9607D /* TalkLandingPageView.swift */; };
		9B404B8028D893C000D9607D /* MKFontSize.swift in Sources */ = {isa = PBXBuildFile; fileRef = 9B404B7F28D893C000D9607D /* MKFontSize.swift */; };
		9B404B8528D8976000D9607D /* OneWayDataFlow.swift in Sources */ = {isa = PBXBuildFile; fileRef = 9B404B8428D8976000D9607D /* OneWayDataFlow.swift */; };
		9B404B8728D89BF700D9607D /* ScreenSize.swift in Sources */ = {isa = PBXBuildFile; fileRef = 9B404B8628D89BF700D9607D /* ScreenSize.swift */; };
		9B404B8B28D89EC600D9607D /* InputTextDemo.swift in Sources */ = {isa = PBXBuildFile; fileRef = 9B404B8A28D89EC600D9607D /* InputTextDemo.swift */; };
		9B404B8D28D89F2400D9607D /* InputTextDemoPage.swift in Sources */ = {isa = PBXBuildFile; fileRef = 9B404B8C28D89F2400D9607D /* InputTextDemoPage.swift */; };
		9B404B9028D8AE1F00D9607D /* BackwardsClockIdeaIntroduction.swift in Sources */ = {isa = PBXBuildFile; fileRef = 9B404B8F28D8AE1F00D9607D /* BackwardsClockIdeaIntroduction.swift */; };
		9B404B9228D8C0DF00D9607D /* GraceHopperDefineBugPage.swift in Sources */ = {isa = PBXBuildFile; fileRef = 9B404B9128D8C0DF00D9607D /* GraceHopperDefineBugPage.swift */; };
		9B404B9528D93D7700D9607D /* LeftTextAndRightImage.swift in Sources */ = {isa = PBXBuildFile; fileRef = 9B404B9428D93D7700D9607D /* LeftTextAndRightImage.swift */; };
		9B404BBA28D9C1A400D9607D /* LeftTextAndTwoRightImage.swift in Sources */ = {isa = PBXBuildFile; fileRef = 9B404BB928D9C1A400D9607D /* LeftTextAndTwoRightImage.swift */; };
		9B404BBC28D9C30C00D9607D /* GraceCreateFlowMatic.swift in Sources */ = {isa = PBXBuildFile; fileRef = 9B404BBB28D9C30C00D9607D /* GraceCreateFlowMatic.swift */; };
		9B404BBE28D9C47F00D9607D /* GraceBackwardsClockAndQuote.swift in Sources */ = {isa = PBXBuildFile; fileRef = 9B404BBD28D9C47F00D9607D /* GraceBackwardsClockAndQuote.swift */; };
		9B81677928E8235300416A16 /* StartWithHand.swift in Sources */ = {isa = PBXBuildFile; fileRef = 9B81677828E8235300416A16 /* StartWithHand.swift */; };
		9B81677B28E8252800416A16 /* LeftViewAndRightView.swift in Sources */ = {isa = PBXBuildFile; fileRef = 9B81677A28E8252800416A16 /* LeftViewAndRightView.swift */; };
		9B9EAE0028F9001C0022DAB2 /* NotIncludeInThisTalk.swift in Sources */ = {isa = PBXBuildFile; fileRef = 9B9EADFF28F9001C0022DAB2 /* NotIncludeInThisTalk.swift */; };
		9BB0D86B28D4822B00EEB233 /* MopconKeynoteApp.swift in Sources */ = {isa = PBXBuildFile; fileRef = 9BB0D86A28D4822B00EEB233 /* MopconKeynoteApp.swift */; };
		9BB0D86F28D4822E00EEB233 /* Assets.xcassets in Resources */ = {isa = PBXBuildFile; fileRef = 9BB0D86E28D4822E00EEB233 /* Assets.xcassets */; };
		9BB0D87228D4822E00EEB233 /* Preview Assets.xcassets in Resources */ = {isa = PBXBuildFile; fileRef = 9BB0D87128D4822E00EEB233 /* Preview Assets.xcassets */; };
		9BC2A68E28EDC531002133ED /* HandShape.swift in Sources */ = {isa = PBXBuildFile; fileRef = 9BC2A68D28EDC531002133ED /* HandShape.swift */; };
		9BC2A6AA28EEE1A8002133ED /* NormalTemplate.swift in Sources */ = {isa = PBXBuildFile; fileRef = 9BC2A6A928EEE1A8002133ED /* NormalTemplate.swift */; };
		9BC2A6AC28EF0343002133ED /* HowToChoose.swift in Sources */ = {isa = PBXBuildFile; fileRef = 9BC2A6AB28EF0343002133ED /* HowToChoose.swift */; };
		9BC2A6AE28EF10D4002133ED /* SwiftUIPros.swift in Sources */ = {isa = PBXBuildFile; fileRef = 9BC2A6AD28EF10D4002133ED /* SwiftUIPros.swift */; };
		9BC2A6B028EFC7CD002133ED /* SwiftUIDifficults.swift in Sources */ = {isa = PBXBuildFile; fileRef = 9BC2A6AF28EFC7CC002133ED /* SwiftUIDifficults.swift */; };
		9BC2A6B328F00D89002133ED /* DummyPage1.swift in Sources */ = {isa = PBXBuildFile; fileRef = 9BC2A6B228F00D89002133ED /* DummyPage1.swift */; };
		9BC2A6B628F01F38002133ED /* DemoListSeparator.swift in Sources */ = {isa = PBXBuildFile; fileRef = 9BC2A6B528F01F38002133ED /* DemoListSeparator.swift */; };
		9BC2A6D228F07E7B002133ED /* LeftTextAndRightImageWithTitle.swift in Sources */ = {isa = PBXBuildFile; fileRef = 9BC2A6D128F07E7B002133ED /* LeftTextAndRightImageWithTitle.swift */; };
		9BC2A6D428F07F92002133ED /* OneImageWithTitle.swift in Sources */ = {isa = PBXBuildFile; fileRef = 9BC2A6D328F07F92002133ED /* OneImageWithTitle.swift */; };
		9BC2A6D628F11152002133ED /* ListSeparatorInDiffiOS.swift in Sources */ = {isa = PBXBuildFile; fileRef = 9BC2A6D528F11152002133ED /* ListSeparatorInDiffiOS.swift */; };
		9BC2A6D828F1124D002133ED /* ThreeViewHAlignment.swift in Sources */ = {isa = PBXBuildFile; fileRef = 9BC2A6D728F1124D002133ED /* ThreeViewHAlignment.swift */; };
		9BC2A6E028F2765A002133ED /* SwiftUIUseCaseOverall.swift in Sources */ = {isa = PBXBuildFile; fileRef = 9BC2A6DF28F2765A002133ED /* SwiftUIUseCaseOverall.swift */; };
		9BC2A6E228F27A98002133ED /* SegueAfterListSeparator.swift in Sources */ = {isa = PBXBuildFile; fileRef = 9BC2A6E128F27A98002133ED /* SegueAfterListSeparator.swift */; };
		9BC2A6E428F27E55002133ED /* LotsOfThingIsYouDontKnow.swift in Sources */ = {isa = PBXBuildFile; fileRef = 9BC2A6E328F27E55002133ED /* LotsOfThingIsYouDontKnow.swift */; };
		9BC2A6E628F2857A002133ED /* TwoViewHAlignment.swift in Sources */ = {isa = PBXBuildFile; fileRef = 9BC2A6E528F2857A002133ED /* TwoViewHAlignment.swift */; };
		9BC2A6E828F3E3D4002133ED /* NavigationViewDeprecated.swift in Sources */ = {isa = PBXBuildFile; fileRef = 9BC2A6E728F3E3D4002133ED /* NavigationViewDeprecated.swift */; };
		9BC2A6EA28F441D2002133ED /* BobRossDone.swift in Sources */ = {isa = PBXBuildFile; fileRef = 9BC2A6E928F441D2002133ED /* BobRossDone.swift */; };
		9BC2A6EF28F4477C002133ED /* Clockwork.swift in Sources */ = {isa = PBXBuildFile; fileRef = 9BC2A6EE28F4477C002133ED /* Clockwork.swift */; };
		9BC2A6F128F447AB002133ED /* Tick.swift in Sources */ = {isa = PBXBuildFile; fileRef = 9BC2A6F028F447AB002133ED /* Tick.swift */; };
		9BC2A6F328F447BC002133ED /* ClockDialView.swift in Sources */ = {isa = PBXBuildFile; fileRef = 9BC2A6F228F447BC002133ED /* ClockDialView.swift */; };
		9BC2A6F728F44824002133ED /* ClockContainerView.swift in Sources */ = {isa = PBXBuildFile; fileRef = 9BC2A6F628F44824002133ED /* ClockContainerView.swift */; };
		9BC2A6FA28F44874002133ED /* AngleUtility.swift in Sources */ = {isa = PBXBuildFile; fileRef = 9BC2A6F928F44874002133ED /* AngleUtility.swift */; };
		9BC2A6FC28F44886002133ED /* DateUtility.swift in Sources */ = {isa = PBXBuildFile; fileRef = 9BC2A6FB28F44886002133ED /* DateUtility.swift */; };
		9BC2A6FE28F448A8002133ED /* BackwardsNumberView.swift in Sources */ = {isa = PBXBuildFile; fileRef = 9BC2A6FD28F448A8002133ED /* BackwardsNumberView.swift */; };
		9BC2A70028F44C3E002133ED /* ArcView.swift in Sources */ = {isa = PBXBuildFile; fileRef = 9BC2A6FF28F44C3E002133ED /* ArcView.swift */; };
		9BC2A70A28F4914A002133ED /* HowManyAppsDemoedThisTalk.swift in Sources */ = {isa = PBXBuildFile; fileRef = 9BC2A70928F4914A002133ED /* HowManyAppsDemoedThisTalk.swift */; };
		9BC2A70C28F531CF002133ED /* Acknowledgements.swift in Sources */ = {isa = PBXBuildFile; fileRef = 9BC2A70B28F531CF002133ED /* Acknowledgements.swift */; };
		9BD2642A28DBE3E200CB3B43 /* ClockCompositionIntro.swift in Sources */ = {isa = PBXBuildFile; fileRef = 9BD2642928DBE3E200CB3B43 /* ClockCompositionIntro.swift */; };
		9BD2642C28DC23A600CB3B43 /* BackwardsClockAppStorePage.swift in Sources */ = {isa = PBXBuildFile; fileRef = 9BD2642B28DC23A600CB3B43 /* BackwardsClockAppStorePage.swift */; };
		9BD2657328DC8DAD00CB3B43 /* CenterSentence.swift in Sources */ = {isa = PBXBuildFile; fileRef = 9BD2657228DC8DAD00CB3B43 /* CenterSentence.swift */; };
		9BD2657528DC8EA000CB3B43 /* BeforeStartDemoCrossFinger.swift in Sources */ = {isa = PBXBuildFile; fileRef = 9BD2657428DC8EA000CB3B43 /* BeforeStartDemoCrossFinger.swift */; };
/* End PBXBuildFile section */

/* Begin PBXFileReference section */
		9B18F70828D75D8C006F0345 /* KeynoteView.swift */ = {isa = PBXFileReference; lastKnownFileType = sourcecode.swift; path = KeynoteView.swift; sourceTree = "<group>"; };
		9B18F70C28D760A7006F0345 /* PageManager.swift */ = {isa = PBXFileReference; lastKnownFileType = sourcecode.swift; path = PageManager.swift; sourceTree = "<group>"; };
		9B404B7928D88FD700D9607D /* TalkLandingPageView.swift */ = {isa = PBXFileReference; lastKnownFileType = sourcecode.swift; path = TalkLandingPageView.swift; sourceTree = "<group>"; };
		9B404B7F28D893C000D9607D /* MKFontSize.swift */ = {isa = PBXFileReference; lastKnownFileType = sourcecode.swift; path = MKFontSize.swift; sourceTree = "<group>"; };
		9B404B8428D8976000D9607D /* OneWayDataFlow.swift */ = {isa = PBXFileReference; lastKnownFileType = sourcecode.swift; path = OneWayDataFlow.swift; sourceTree = "<group>"; };
		9B404B8628D89BF700D9607D /* ScreenSize.swift */ = {isa = PBXFileReference; lastKnownFileType = sourcecode.swift; path = ScreenSize.swift; sourceTree = "<group>"; };
		9B404B8A28D89EC600D9607D /* InputTextDemo.swift */ = {isa = PBXFileReference; lastKnownFileType = sourcecode.swift; path = InputTextDemo.swift; sourceTree = "<group>"; };
		9B404B8C28D89F2400D9607D /* InputTextDemoPage.swift */ = {isa = PBXFileReference; lastKnownFileType = sourcecode.swift; path = InputTextDemoPage.swift; sourceTree = "<group>"; };
		9B404B8F28D8AE1F00D9607D /* BackwardsClockIdeaIntroduction.swift */ = {isa = PBXFileReference; lastKnownFileType = sourcecode.swift; path = BackwardsClockIdeaIntroduction.swift; sourceTree = "<group>"; };
		9B404B9128D8C0DF00D9607D /* GraceHopperDefineBugPage.swift */ = {isa = PBXFileReference; lastKnownFileType = sourcecode.swift; path = GraceHopperDefineBugPage.swift; sourceTree = "<group>"; };
		9B404B9428D93D7700D9607D /* LeftTextAndRightImage.swift */ = {isa = PBXFileReference; lastKnownFileType = sourcecode.swift; path = LeftTextAndRightImage.swift; sourceTree = "<group>"; };
		9B404BB928D9C1A400D9607D /* LeftTextAndTwoRightImage.swift */ = {isa = PBXFileReference; lastKnownFileType = sourcecode.swift; path = LeftTextAndTwoRightImage.swift; sourceTree = "<group>"; };
		9B404BBB28D9C30C00D9607D /* GraceCreateFlowMatic.swift */ = {isa = PBXFileReference; lastKnownFileType = sourcecode.swift; path = GraceCreateFlowMatic.swift; sourceTree = "<group>"; };
		9B404BBD28D9C47F00D9607D /* GraceBackwardsClockAndQuote.swift */ = {isa = PBXFileReference; lastKnownFileType = sourcecode.swift; path = GraceBackwardsClockAndQuote.swift; sourceTree = "<group>"; };
		9B81677828E8235300416A16 /* StartWithHand.swift */ = {isa = PBXFileReference; lastKnownFileType = sourcecode.swift; path = StartWithHand.swift; sourceTree = "<group>"; };
		9B81677A28E8252800416A16 /* LeftViewAndRightView.swift */ = {isa = PBXFileReference; lastKnownFileType = sourcecode.swift; path = LeftViewAndRightView.swift; sourceTree = "<group>"; };
		9B9EADFF28F9001C0022DAB2 /* NotIncludeInThisTalk.swift */ = {isa = PBXFileReference; lastKnownFileType = sourcecode.swift; path = NotIncludeInThisTalk.swift; sourceTree = "<group>"; };
		9BB0D86728D4822B00EEB233 /* MopconKeynote.app */ = {isa = PBXFileReference; explicitFileType = wrapper.application; includeInIndex = 0; path = MopconKeynote.app; sourceTree = BUILT_PRODUCTS_DIR; };
		9BB0D86A28D4822B00EEB233 /* MopconKeynoteApp.swift */ = {isa = PBXFileReference; lastKnownFileType = sourcecode.swift; path = MopconKeynoteApp.swift; sourceTree = "<group>"; };
		9BB0D86E28D4822E00EEB233 /* Assets.xcassets */ = {isa = PBXFileReference; lastKnownFileType = folder.assetcatalog; path = Assets.xcassets; sourceTree = "<group>"; };
		9BB0D87128D4822E00EEB233 /* Preview Assets.xcassets */ = {isa = PBXFileReference; lastKnownFileType = folder.assetcatalog; path = "Preview Assets.xcassets"; sourceTree = "<group>"; };
		9BB0D87328D4822E00EEB233 /* MopconKeynote.entitlements */ = {isa = PBXFileReference; lastKnownFileType = text.plist.entitlements; path = MopconKeynote.entitlements; sourceTree = "<group>"; };
		9BC2A68D28EDC531002133ED /* HandShape.swift */ = {isa = PBXFileReference; lastKnownFileType = sourcecode.swift; path = HandShape.swift; sourceTree = "<group>"; };
		9BC2A6A928EEE1A8002133ED /* NormalTemplate.swift */ = {isa = PBXFileReference; lastKnownFileType = sourcecode.swift; path = NormalTemplate.swift; sourceTree = "<group>"; };
		9BC2A6AB28EF0343002133ED /* HowToChoose.swift */ = {isa = PBXFileReference; lastKnownFileType = sourcecode.swift; path = HowToChoose.swift; sourceTree = "<group>"; };
		9BC2A6AD28EF10D4002133ED /* SwiftUIPros.swift */ = {isa = PBXFileReference; lastKnownFileType = sourcecode.swift; path = SwiftUIPros.swift; sourceTree = "<group>"; };
		9BC2A6AF28EFC7CC002133ED /* SwiftUIDifficults.swift */ = {isa = PBXFileReference; lastKnownFileType = sourcecode.swift; path = SwiftUIDifficults.swift; sourceTree = "<group>"; };
		9BC2A6B228F00D89002133ED /* DummyPage1.swift */ = {isa = PBXFileReference; fileEncoding = 4; lastKnownFileType = sourcecode.swift; path = DummyPage1.swift; sourceTree = "<group>"; };
		9BC2A6B528F01F38002133ED /* DemoListSeparator.swift */ = {isa = PBXFileReference; lastKnownFileType = sourcecode.swift; path = DemoListSeparator.swift; sourceTree = "<group>"; };
		9BC2A6D128F07E7B002133ED /* LeftTextAndRightImageWithTitle.swift */ = {isa = PBXFileReference; lastKnownFileType = sourcecode.swift; path = LeftTextAndRightImageWithTitle.swift; sourceTree = "<group>"; };
		9BC2A6D328F07F92002133ED /* OneImageWithTitle.swift */ = {isa = PBXFileReference; lastKnownFileType = sourcecode.swift; path = OneImageWithTitle.swift; sourceTree = "<group>"; };
		9BC2A6D528F11152002133ED /* ListSeparatorInDiffiOS.swift */ = {isa = PBXFileReference; lastKnownFileType = sourcecode.swift; path = ListSeparatorInDiffiOS.swift; sourceTree = "<group>"; };
		9BC2A6D728F1124D002133ED /* ThreeViewHAlignment.swift */ = {isa = PBXFileReference; lastKnownFileType = sourcecode.swift; path = ThreeViewHAlignment.swift; sourceTree = "<group>"; };
		9BC2A6DF28F2765A002133ED /* SwiftUIUseCaseOverall.swift */ = {isa = PBXFileReference; lastKnownFileType = sourcecode.swift; path = SwiftUIUseCaseOverall.swift; sourceTree = "<group>"; };
		9BC2A6E128F27A98002133ED /* SegueAfterListSeparator.swift */ = {isa = PBXFileReference; lastKnownFileType = sourcecode.swift; path = SegueAfterListSeparator.swift; sourceTree = "<group>"; };
		9BC2A6E328F27E55002133ED /* LotsOfThingIsYouDontKnow.swift */ = {isa = PBXFileReference; lastKnownFileType = sourcecode.swift; path = LotsOfThingIsYouDontKnow.swift; sourceTree = "<group>"; };
		9BC2A6E528F2857A002133ED /* TwoViewHAlignment.swift */ = {isa = PBXFileReference; lastKnownFileType = sourcecode.swift; path = TwoViewHAlignment.swift; sourceTree = "<group>"; };
		9BC2A6E728F3E3D4002133ED /* NavigationViewDeprecated.swift */ = {isa = PBXFileReference; lastKnownFileType = sourcecode.swift; path = NavigationViewDeprecated.swift; sourceTree = "<group>"; };
		9BC2A6E928F441D2002133ED /* BobRossDone.swift */ = {isa = PBXFileReference; lastKnownFileType = sourcecode.swift; path = BobRossDone.swift; sourceTree = "<group>"; };
		9BC2A6EE28F4477C002133ED /* Clockwork.swift */ = {isa = PBXFileReference; lastKnownFileType = sourcecode.swift; path = Clockwork.swift; sourceTree = "<group>"; };
		9BC2A6F028F447AB002133ED /* Tick.swift */ = {isa = PBXFileReference; lastKnownFileType = sourcecode.swift; path = Tick.swift; sourceTree = "<group>"; };
		9BC2A6F228F447BC002133ED /* ClockDialView.swift */ = {isa = PBXFileReference; lastKnownFileType = sourcecode.swift; path = ClockDialView.swift; sourceTree = "<group>"; };
		9BC2A6F628F44824002133ED /* ClockContainerView.swift */ = {isa = PBXFileReference; lastKnownFileType = sourcecode.swift; path = ClockContainerView.swift; sourceTree = "<group>"; };
		9BC2A6F928F44874002133ED /* AngleUtility.swift */ = {isa = PBXFileReference; lastKnownFileType = sourcecode.swift; path = AngleUtility.swift; sourceTree = "<group>"; };
		9BC2A6FB28F44886002133ED /* DateUtility.swift */ = {isa = PBXFileReference; lastKnownFileType = sourcecode.swift; path = DateUtility.swift; sourceTree = "<group>"; };
		9BC2A6FD28F448A8002133ED /* BackwardsNumberView.swift */ = {isa = PBXFileReference; lastKnownFileType = sourcecode.swift; path = BackwardsNumberView.swift; sourceTree = "<group>"; };
		9BC2A6FF28F44C3E002133ED /* ArcView.swift */ = {isa = PBXFileReference; lastKnownFileType = sourcecode.swift; path = ArcView.swift; sourceTree = "<group>"; };
		9BC2A70928F4914A002133ED /* HowManyAppsDemoedThisTalk.swift */ = {isa = PBXFileReference; lastKnownFileType = sourcecode.swift; path = HowManyAppsDemoedThisTalk.swift; sourceTree = "<group>"; };
		9BC2A70B28F531CF002133ED /* Acknowledgements.swift */ = {isa = PBXFileReference; lastKnownFileType = sourcecode.swift; path = Acknowledgements.swift; sourceTree = "<group>"; };
		9BD2642928DBE3E200CB3B43 /* ClockCompositionIntro.swift */ = {isa = PBXFileReference; lastKnownFileType = sourcecode.swift; path = ClockCompositionIntro.swift; sourceTree = "<group>"; };
		9BD2642B28DC23A600CB3B43 /* BackwardsClockAppStorePage.swift */ = {isa = PBXFileReference; lastKnownFileType = sourcecode.swift; path = BackwardsClockAppStorePage.swift; sourceTree = "<group>"; };
		9BD2657228DC8DAD00CB3B43 /* CenterSentence.swift */ = {isa = PBXFileReference; lastKnownFileType = sourcecode.swift; path = CenterSentence.swift; sourceTree = "<group>"; };
		9BD2657428DC8EA000CB3B43 /* BeforeStartDemoCrossFinger.swift */ = {isa = PBXFileReference; lastKnownFileType = sourcecode.swift; path = BeforeStartDemoCrossFinger.swift; sourceTree = "<group>"; };
/* End PBXFileReference section */

/* Begin PBXFrameworksBuildPhase section */
		9BB0D86428D4822B00EEB233 /* Frameworks */ = {
			isa = PBXFrameworksBuildPhase;
			buildActionMask = 2147483647;
			files = (
			);
			runOnlyForDeploymentPostprocessing = 0;
		};
/* End PBXFrameworksBuildPhase section */

/* Begin PBXGroup section */
		9B18F70A28D76088006F0345 /* Views */ = {
			isa = PBXGroup;
			children = (
				9BC2A68B28EDB3DB002133ED /* Shapes */,
				9B404B9328D93D4400D9607D /* Template */,
				9B404B8828D89EA900D9607D /* DemoComponents */,
				9B18F70E28D7619C006F0345 /* Pages */,
				9B18F70828D75D8C006F0345 /* KeynoteView.swift */,
			);
			path = Views;
			sourceTree = "<group>";
		};
		9B18F70B28D7608D006F0345 /* Managers */ = {
			isa = PBXGroup;
			children = (
				9B18F70C28D760A7006F0345 /* PageManager.swift */,
			);
			path = Managers;
			sourceTree = "<group>";
		};
		9B18F70E28D7619C006F0345 /* Pages */ = {
			isa = PBXGroup;
			children = (
				9B404B7928D88FD700D9607D /* TalkLandingPageView.swift */,
				9BC2A6B428F01E9F002133ED /* SwiftUIConclustion */,
				9B404B8128D8974200D9607D /* DataFlow */,
				9B404B8E28D8ADE400D9607D /* BackwardsClock */,
				9BC2A70828F4911E002133ED /* BeforeEnding */,
			);
			path = Pages;
			sourceTree = "<group>";
		};
		9B404B7E28D893B000D9607D /* Style */ = {
			isa = PBXGroup;
			children = (
				9B404B7F28D893C000D9607D /* MKFontSize.swift */,
				9B404B8628D89BF700D9607D /* ScreenSize.swift */,
			);
			path = Style;
			sourceTree = "<group>";
		};
		9B404B8128D8974200D9607D /* DataFlow */ = {
			isa = PBXGroup;
			children = (
				9B404B8428D8976000D9607D /* OneWayDataFlow.swift */,
				9B404B8C28D89F2400D9607D /* InputTextDemoPage.swift */,
			);
			path = DataFlow;
			sourceTree = "<group>";
		};
		9B404B8828D89EA900D9607D /* DemoComponents */ = {
			isa = PBXGroup;
			children = (
				9BC2A6B128F00D89002133ED /* DummyPage */,
				9B404B8928D89EB000D9607D /* InputText */,
			);
			path = DemoComponents;
			sourceTree = "<group>";
		};
		9B404B8928D89EB000D9607D /* InputText */ = {
			isa = PBXGroup;
			children = (
				9B404B8A28D89EC600D9607D /* InputTextDemo.swift */,
			);
			path = InputText;
			sourceTree = "<group>";
		};
		9B404B8E28D8ADE400D9607D /* BackwardsClock */ = {
			isa = PBXGroup;
			children = (
				9BC2A6EB28F44681002133ED /* GraceBackwardsClock */,
				9B404B8F28D8AE1F00D9607D /* BackwardsClockIdeaIntroduction.swift */,
				9B404B9128D8C0DF00D9607D /* GraceHopperDefineBugPage.swift */,
				9B404BBB28D9C30C00D9607D /* GraceCreateFlowMatic.swift */,
				9B404BBD28D9C47F00D9607D /* GraceBackwardsClockAndQuote.swift */,
				9BD2642B28DC23A600CB3B43 /* BackwardsClockAppStorePage.swift */,
				9BD2642928DBE3E200CB3B43 /* ClockCompositionIntro.swift */,
				9BD2657428DC8EA000CB3B43 /* BeforeStartDemoCrossFinger.swift */,
				9BC2A6E928F441D2002133ED /* BobRossDone.swift */,
				9B81677828E8235300416A16 /* StartWithHand.swift */,
			);
			path = BackwardsClock;
			sourceTree = "<group>";
		};
		9B404B9328D93D4400D9607D /* Template */ = {
			isa = PBXGroup;
			children = (
				9BC2A6D128F07E7B002133ED /* LeftTextAndRightImageWithTitle.swift */,
				9B404B9428D93D7700D9607D /* LeftTextAndRightImage.swift */,
				9B404BB928D9C1A400D9607D /* LeftTextAndTwoRightImage.swift */,
				9BC2A6D328F07F92002133ED /* OneImageWithTitle.swift */,
				9BD2657228DC8DAD00CB3B43 /* CenterSentence.swift */,
				9B81677A28E8252800416A16 /* LeftViewAndRightView.swift */,
				9BC2A6A928EEE1A8002133ED /* NormalTemplate.swift */,
				9BC2A6D728F1124D002133ED /* ThreeViewHAlignment.swift */,
				9BC2A6E528F2857A002133ED /* TwoViewHAlignment.swift */,
			);
			path = Template;
			sourceTree = "<group>";
		};
		9BB0D85E28D4822B00EEB233 = {
			isa = PBXGroup;
			children = (
				9BB0D86928D4822B00EEB233 /* MopconKeynote */,
				9BB0D86828D4822B00EEB233 /* Products */,
			);
			indentWidth = 2;
			sourceTree = "<group>";
			tabWidth = 2;
		};
		9BB0D86828D4822B00EEB233 /* Products */ = {
			isa = PBXGroup;
			children = (
				9BB0D86728D4822B00EEB233 /* MopconKeynote.app */,
			);
			name = Products;
			sourceTree = "<group>";
		};
		9BB0D86928D4822B00EEB233 /* MopconKeynote */ = {
			isa = PBXGroup;
			children = (
				9BB0D86A28D4822B00EEB233 /* MopconKeynoteApp.swift */,
				9BC2A6EC28F4475C002133ED /* Models */,
				9B404B7E28D893B000D9607D /* Style */,
				9B18F70B28D7608D006F0345 /* Managers */,
				9B18F70A28D76088006F0345 /* Views */,
				9BB0D86E28D4822E00EEB233 /* Assets.xcassets */,
				9BB0D87328D4822E00EEB233 /* MopconKeynote.entitlements */,
				9BB0D87028D4822E00EEB233 /* Preview Content */,
			);
			path = MopconKeynote;
			sourceTree = "<group>";
		};
		9BB0D87028D4822E00EEB233 /* Preview Content */ = {
			isa = PBXGroup;
			children = (
				9BB0D87128D4822E00EEB233 /* Preview Assets.xcassets */,
			);
			path = "Preview Content";
			sourceTree = "<group>";
		};
		9BC2A68B28EDB3DB002133ED /* Shapes */ = {
			isa = PBXGroup;
			children = (
				9BC2A68C28EDB3E2002133ED /* Hand */,
				9BC2A6FF28F44C3E002133ED /* ArcView.swift */,
			);
			path = Shapes;
			sourceTree = "<group>";
		};
		9BC2A68C28EDB3E2002133ED /* Hand */ = {
			isa = PBXGroup;
			children = (
				9BC2A68D28EDC531002133ED /* HandShape.swift */,
			);
			path = Hand;
			sourceTree = "<group>";
		};
		9BC2A6B128F00D89002133ED /* DummyPage */ = {
			isa = PBXGroup;
			children = (
				9BC2A6B228F00D89002133ED /* DummyPage1.swift */,
			);
			name = DummyPage;
			path = MopconKeynote/Views/Pages/DummyPage;
			sourceTree = SOURCE_ROOT;
		};
		9BC2A6B428F01E9F002133ED /* SwiftUIConclustion */ = {
			isa = PBXGroup;
			children = (
				9BC2A6AB28EF0343002133ED /* HowToChoose.swift */,
				9BC2A6AD28EF10D4002133ED /* SwiftUIPros.swift */,
				9BC2A6AF28EFC7CC002133ED /* SwiftUIDifficults.swift */,
				9BC2A6B528F01F38002133ED /* DemoListSeparator.swift */,
				9BC2A6D528F11152002133ED /* ListSeparatorInDiffiOS.swift */,
				9BC2A6E128F27A98002133ED /* SegueAfterListSeparator.swift */,
				9BC2A6E328F27E55002133ED /* LotsOfThingIsYouDontKnow.swift */,
				9BC2A6E728F3E3D4002133ED /* NavigationViewDeprecated.swift */,
				9BC2A6DF28F2765A002133ED /* SwiftUIUseCaseOverall.swift */,
			);
			path = SwiftUIConclustion;
			sourceTree = "<group>";
		};
		9BC2A6EB28F44681002133ED /* GraceBackwardsClock */ = {
			isa = PBXGroup;
			children = (
				9BC2A6F028F447AB002133ED /* Tick.swift */,
				9BC2A6F628F44824002133ED /* ClockContainerView.swift */,
				9BC2A6F228F447BC002133ED /* ClockDialView.swift */,
				9BC2A6FD28F448A8002133ED /* BackwardsNumberView.swift */,
			);
			path = GraceBackwardsClock;
			sourceTree = "<group>";
		};
		9BC2A6EC28F4475C002133ED /* Models */ = {
			isa = PBXGroup;
			children = (
				9BC2A6F828F44858002133ED /* Utilities */,
				9BC2A6ED28F44761002133ED /* Clockwork */,
			);
			path = Models;
			sourceTree = "<group>";
		};
		9BC2A6ED28F44761002133ED /* Clockwork */ = {
			isa = PBXGroup;
			children = (
				9BC2A6EE28F4477C002133ED /* Clockwork.swift */,
			);
			path = Clockwork;
			sourceTree = "<group>";
		};
		9BC2A6F828F44858002133ED /* Utilities */ = {
			isa = PBXGroup;
			children = (
				9BC2A6F928F44874002133ED /* AngleUtility.swift */,
				9BC2A6FB28F44886002133ED /* DateUtility.swift */,
			);
			path = Utilities;
			sourceTree = "<group>";
		};
		9BC2A70828F4911E002133ED /* BeforeEnding */ = {
			isa = PBXGroup;
			children = (
				9BC2A70928F4914A002133ED /* HowManyAppsDemoedThisTalk.swift */,
				9B9EADFF28F9001C0022DAB2 /* NotIncludeInThisTalk.swift */,
				9BC2A70B28F531CF002133ED /* Acknowledgements.swift */,
			);
			path = BeforeEnding;
			sourceTree = "<group>";
		};
/* End PBXGroup section */

/* Begin PBXNativeTarget section */
		9BB0D86628D4822B00EEB233 /* MopconKeynote */ = {
			isa = PBXNativeTarget;
			buildConfigurationList = 9BB0D87628D4822E00EEB233 /* Build configuration list for PBXNativeTarget "MopconKeynote" */;
			buildPhases = (
				9BB0D86328D4822B00EEB233 /* Sources */,
				9BB0D86428D4822B00EEB233 /* Frameworks */,
				9BB0D86528D4822B00EEB233 /* Resources */,
			);
			buildRules = (
			);
			dependencies = (
			);
			name = MopconKeynote;
			productName = MopconKeynote;
			productReference = 9BB0D86728D4822B00EEB233 /* MopconKeynote.app */;
			productType = "com.apple.product-type.application";
		};
/* End PBXNativeTarget section */

/* Begin PBXProject section */
		9BB0D85F28D4822B00EEB233 /* Project object */ = {
			isa = PBXProject;
			attributes = {
				BuildIndependentTargetsInParallel = 1;
				LastSwiftUpdateCheck = 1320;
				LastUpgradeCheck = 1320;
				TargetAttributes = {
					9BB0D86628D4822B00EEB233 = {
						CreatedOnToolsVersion = 13.2.1;
					};
				};
			};
			buildConfigurationList = 9BB0D86228D4822B00EEB233 /* Build configuration list for PBXProject "MopconKeynote" */;
			compatibilityVersion = "Xcode 13.0";
			developmentRegion = en;
			hasScannedForEncodings = 0;
			knownRegions = (
				en,
				Base,
			);
			mainGroup = 9BB0D85E28D4822B00EEB233;
			productRefGroup = 9BB0D86828D4822B00EEB233 /* Products */;
			projectDirPath = "";
			projectRoot = "";
			targets = (
				9BB0D86628D4822B00EEB233 /* MopconKeynote */,
			);
		};
/* End PBXProject section */

/* Begin PBXResourcesBuildPhase section */
		9BB0D86528D4822B00EEB233 /* Resources */ = {
			isa = PBXResourcesBuildPhase;
			buildActionMask = 2147483647;
			files = (
				9BB0D87228D4822E00EEB233 /* Preview Assets.xcassets in Resources */,
				9BB0D86F28D4822E00EEB233 /* Assets.xcassets in Resources */,
			);
			runOnlyForDeploymentPostprocessing = 0;
		};
/* End PBXResourcesBuildPhase section */

/* Begin PBXSourcesBuildPhase section */
		9BB0D86328D4822B00EEB233 /* Sources */ = {
			isa = PBXSourcesBuildPhase;
			buildActionMask = 2147483647;
			files = (
				9BD2642C28DC23A600CB3B43 /* BackwardsClockAppStorePage.swift in Sources */,
				9BC2A70A28F4914A002133ED /* HowManyAppsDemoedThisTalk.swift in Sources */,
				9BC2A6D428F07F92002133ED /* OneImageWithTitle.swift in Sources */,
				9BC2A6FC28F44886002133ED /* DateUtility.swift in Sources */,
				9B404B8728D89BF700D9607D /* ScreenSize.swift in Sources */,
				9B404B8D28D89F2400D9607D /* InputTextDemoPage.swift in Sources */,
				9B404BBC28D9C30C00D9607D /* GraceCreateFlowMatic.swift in Sources */,
				9BC2A6B628F01F38002133ED /* DemoListSeparator.swift in Sources */,
				9BC2A6FE28F448A8002133ED /* BackwardsNumberView.swift in Sources */,
				9BC2A6AE28EF10D4002133ED /* SwiftUIPros.swift in Sources */,
				9BD2657328DC8DAD00CB3B43 /* CenterSentence.swift in Sources */,
				9BC2A6E028F2765A002133ED /* SwiftUIUseCaseOverall.swift in Sources */,
				9BC2A6E628F2857A002133ED /* TwoViewHAlignment.swift in Sources */,
				9B18F70D28D760A7006F0345 /* PageManager.swift in Sources */,
				9BD2657528DC8EA000CB3B43 /* BeforeStartDemoCrossFinger.swift in Sources */,
				9BC2A6D228F07E7B002133ED /* LeftTextAndRightImageWithTitle.swift in Sources */,
				9B404BBE28D9C47F00D9607D /* GraceBackwardsClockAndQuote.swift in Sources */,
				9B404B7A28D88FD700D9607D /* TalkLandingPageView.swift in Sources */,
				9BC2A6F728F44824002133ED /* ClockContainerView.swift in Sources */,
				9BC2A6D628F11152002133ED /* ListSeparatorInDiffiOS.swift in Sources */,
				9BC2A70028F44C3E002133ED /* ArcView.swift in Sources */,
				9BC2A6D828F1124D002133ED /* ThreeViewHAlignment.swift in Sources */,
				9BC2A6B028EFC7CD002133ED /* SwiftUIDifficults.swift in Sources */,
				9B404B9028D8AE1F00D9607D /* BackwardsClockIdeaIntroduction.swift in Sources */,
				9BC2A6AC28EF0343002133ED /* HowToChoose.swift in Sources */,
				9BD2642A28DBE3E200CB3B43 /* ClockCompositionIntro.swift in Sources */,
				9BC2A6E228F27A98002133ED /* SegueAfterListSeparator.swift in Sources */,
				9BC2A68E28EDC531002133ED /* HandShape.swift in Sources */,
				9BC2A70C28F531CF002133ED /* Acknowledgements.swift in Sources */,
				9B404BBA28D9C1A400D9607D /* LeftTextAndTwoRightImage.swift in Sources */,
				9B404B8B28D89EC600D9607D /* InputTextDemo.swift in Sources */,
				9BC2A6B328F00D89002133ED /* DummyPage1.swift in Sources */,
				9B81677B28E8252800416A16 /* LeftViewAndRightView.swift in Sources */,
				9B404B8528D8976000D9607D /* OneWayDataFlow.swift in Sources */,
				9BC2A6F328F447BC002133ED /* ClockDialView.swift in Sources */,
				9BC2A6EA28F441D2002133ED /* BobRossDone.swift in Sources */,
				9BC2A6E428F27E55002133ED /* LotsOfThingIsYouDontKnow.swift in Sources */,
				9BC2A6E828F3E3D4002133ED /* NavigationViewDeprecated.swift in Sources */,
				9B18F70928D75D8C006F0345 /* KeynoteView.swift in Sources */,
				9BC2A6F128F447AB002133ED /* Tick.swift in Sources */,
				9B81677928E8235300416A16 /* StartWithHand.swift in Sources */,
				9B404B8028D893C000D9607D /* MKFontSize.swift in Sources */,
				9BC2A6FA28F44874002133ED /* AngleUtility.swift in Sources */,
				9BB0D86B28D4822B00EEB233 /* MopconKeynoteApp.swift in Sources */,
				9BC2A6AA28EEE1A8002133ED /* NormalTemplate.swift in Sources */,
				9B404B9228D8C0DF00D9607D /* GraceHopperDefineBugPage.swift in Sources */,
				9B404B9528D93D7700D9607D /* LeftTextAndRightImage.swift in Sources */,
				9BC2A6EF28F4477C002133ED /* Clockwork.swift in Sources */,
				9B9EAE0028F9001C0022DAB2 /* NotIncludeInThisTalk.swift in Sources */,
			);
			runOnlyForDeploymentPostprocessing = 0;
		};
/* End PBXSourcesBuildPhase section */

/* Begin XCBuildConfiguration section */
		9BB0D87428D4822E00EEB233 /* Debug */ = {
			isa = XCBuildConfiguration;
			buildSettings = {
				ALWAYS_SEARCH_USER_PATHS = NO;
				CLANG_ANALYZER_NONNULL = YES;
				CLANG_ANALYZER_NUMBER_OBJECT_CONVERSION = YES_AGGRESSIVE;
				CLANG_CXX_LANGUAGE_STANDARD = "gnu++17";
				CLANG_CXX_LIBRARY = "libc++";
				CLANG_ENABLE_MODULES = YES;
				CLANG_ENABLE_OBJC_ARC = YES;
				CLANG_ENABLE_OBJC_WEAK = YES;
				CLANG_WARN_BLOCK_CAPTURE_AUTORELEASING = YES;
				CLANG_WARN_BOOL_CONVERSION = YES;
				CLANG_WARN_COMMA = YES;
				CLANG_WARN_CONSTANT_CONVERSION = YES;
				CLANG_WARN_DEPRECATED_OBJC_IMPLEMENTATIONS = YES;
				CLANG_WARN_DIRECT_OBJC_ISA_USAGE = YES_ERROR;
				CLANG_WARN_DOCUMENTATION_COMMENTS = YES;
				CLANG_WARN_EMPTY_BODY = YES;
				CLANG_WARN_ENUM_CONVERSION = YES;
				CLANG_WARN_INFINITE_RECURSION = YES;
				CLANG_WARN_INT_CONVERSION = YES;
				CLANG_WARN_NON_LITERAL_NULL_CONVERSION = YES;
				CLANG_WARN_OBJC_IMPLICIT_RETAIN_SELF = YES;
				CLANG_WARN_OBJC_LITERAL_CONVERSION = YES;
				CLANG_WARN_OBJC_ROOT_CLASS = YES_ERROR;
				CLANG_WARN_QUOTED_INCLUDE_IN_FRAMEWORK_HEADER = YES;
				CLANG_WARN_RANGE_LOOP_ANALYSIS = YES;
				CLANG_WARN_STRICT_PROTOTYPES = YES;
				CLANG_WARN_SUSPICIOUS_MOVE = YES;
				CLANG_WARN_UNGUARDED_AVAILABILITY = YES_AGGRESSIVE;
				CLANG_WARN_UNREACHABLE_CODE = YES;
				CLANG_WARN__DUPLICATE_METHOD_MATCH = YES;
				COPY_PHASE_STRIP = NO;
				DEBUG_INFORMATION_FORMAT = dwarf;
				ENABLE_STRICT_OBJC_MSGSEND = YES;
				ENABLE_TESTABILITY = YES;
				GCC_C_LANGUAGE_STANDARD = gnu11;
				GCC_DYNAMIC_NO_PIC = NO;
				GCC_NO_COMMON_BLOCKS = YES;
				GCC_OPTIMIZATION_LEVEL = 0;
				GCC_PREPROCESSOR_DEFINITIONS = (
					"DEBUG=1",
					"$(inherited)",
				);
				GCC_WARN_64_TO_32_BIT_CONVERSION = YES;
				GCC_WARN_ABOUT_RETURN_TYPE = YES_ERROR;
				GCC_WARN_UNDECLARED_SELECTOR = YES;
				GCC_WARN_UNINITIALIZED_AUTOS = YES_AGGRESSIVE;
				GCC_WARN_UNUSED_FUNCTION = YES;
				GCC_WARN_UNUSED_VARIABLE = YES;
				MACOSX_DEPLOYMENT_TARGET = 12.1;
				MTL_ENABLE_DEBUG_INFO = INCLUDE_SOURCE;
				MTL_FAST_MATH = YES;
				ONLY_ACTIVE_ARCH = YES;
				SDKROOT = macosx;
				SWIFT_ACTIVE_COMPILATION_CONDITIONS = DEBUG;
				SWIFT_OPTIMIZATION_LEVEL = "-Onone";
			};
			name = Debug;
		};
		9BB0D87528D4822E00EEB233 /* Release */ = {
			isa = XCBuildConfiguration;
			buildSettings = {
				ALWAYS_SEARCH_USER_PATHS = NO;
				CLANG_ANALYZER_NONNULL = YES;
				CLANG_ANALYZER_NUMBER_OBJECT_CONVERSION = YES_AGGRESSIVE;
				CLANG_CXX_LANGUAGE_STANDARD = "gnu++17";
				CLANG_CXX_LIBRARY = "libc++";
				CLANG_ENABLE_MODULES = YES;
				CLANG_ENABLE_OBJC_ARC = YES;
				CLANG_ENABLE_OBJC_WEAK = YES;
				CLANG_WARN_BLOCK_CAPTURE_AUTORELEASING = YES;
				CLANG_WARN_BOOL_CONVERSION = YES;
				CLANG_WARN_COMMA = YES;
				CLANG_WARN_CONSTANT_CONVERSION = YES;
				CLANG_WARN_DEPRECATED_OBJC_IMPLEMENTATIONS = YES;
				CLANG_WARN_DIRECT_OBJC_ISA_USAGE = YES_ERROR;
				CLANG_WARN_DOCUMENTATION_COMMENTS = YES;
				CLANG_WARN_EMPTY_BODY = YES;
				CLANG_WARN_ENUM_CONVERSION = YES;
				CLANG_WARN_INFINITE_RECURSION = YES;
				CLANG_WARN_INT_CONVERSION = YES;
				CLANG_WARN_NON_LITERAL_NULL_CONVERSION = YES;
				CLANG_WARN_OBJC_IMPLICIT_RETAIN_SELF = YES;
				CLANG_WARN_OBJC_LITERAL_CONVERSION = YES;
				CLANG_WARN_OBJC_ROOT_CLASS = YES_ERROR;
				CLANG_WARN_QUOTED_INCLUDE_IN_FRAMEWORK_HEADER = YES;
				CLANG_WARN_RANGE_LOOP_ANALYSIS = YES;
				CLANG_WARN_STRICT_PROTOTYPES = YES;
				CLANG_WARN_SUSPICIOUS_MOVE = YES;
				CLANG_WARN_UNGUARDED_AVAILABILITY = YES_AGGRESSIVE;
				CLANG_WARN_UNREACHABLE_CODE = YES;
				CLANG_WARN__DUPLICATE_METHOD_MATCH = YES;
				COPY_PHASE_STRIP = NO;
				DEBUG_INFORMATION_FORMAT = "dwarf-with-dsym";
				ENABLE_NS_ASSERTIONS = NO;
				ENABLE_STRICT_OBJC_MSGSEND = YES;
				GCC_C_LANGUAGE_STANDARD = gnu11;
				GCC_NO_COMMON_BLOCKS = YES;
				GCC_WARN_64_TO_32_BIT_CONVERSION = YES;
				GCC_WARN_ABOUT_RETURN_TYPE = YES_ERROR;
				GCC_WARN_UNDECLARED_SELECTOR = YES;
				GCC_WARN_UNINITIALIZED_AUTOS = YES_AGGRESSIVE;
				GCC_WARN_UNUSED_FUNCTION = YES;
				GCC_WARN_UNUSED_VARIABLE = YES;
				MACOSX_DEPLOYMENT_TARGET = 12.1;
				MTL_ENABLE_DEBUG_INFO = NO;
				MTL_FAST_MATH = YES;
				SDKROOT = macosx;
				SWIFT_COMPILATION_MODE = wholemodule;
				SWIFT_OPTIMIZATION_LEVEL = "-O";
			};
			name = Release;
		};
		9BB0D87728D4822E00EEB233 /* Debug */ = {
			isa = XCBuildConfiguration;
			buildSettings = {
				ASSETCATALOG_COMPILER_APPICON_NAME = AppIcon;
				ASSETCATALOG_COMPILER_GLOBAL_ACCENT_COLOR_NAME = AccentColor;
				CODE_SIGN_ENTITLEMENTS = MopconKeynote/MopconKeynote.entitlements;
				CODE_SIGN_STYLE = Automatic;
				COMBINE_HIDPI_IMAGES = YES;
				CURRENT_PROJECT_VERSION = 1;
				DEVELOPMENT_ASSET_PATHS = "\"MopconKeynote/Preview Content\"";
				DEVELOPMENT_TEAM = PJPD95M4QP;
				ENABLE_HARDENED_RUNTIME = YES;
				ENABLE_PREVIEWS = YES;
				GENERATE_INFOPLIST_FILE = YES;
				INFOPLIST_KEY_NSHumanReadableCopyright = "";
				LD_RUNPATH_SEARCH_PATHS = (
					"$(inherited)",
					"@executable_path/../Frameworks",
				);
				MACOSX_DEPLOYMENT_TARGET = 12.2;
				MARKETING_VERSION = 1.0;
				PRODUCT_BUNDLE_IDENTIFIER = CMoney.MopconKeynote;
				PRODUCT_NAME = "$(TARGET_NAME)";
				SWIFT_EMIT_LOC_STRINGS = YES;
				SWIFT_VERSION = 5.0;
			};
			name = Debug;
		};
		9BB0D87828D4822E00EEB233 /* Release */ = {
			isa = XCBuildConfiguration;
			buildSettings = {
				ASSETCATALOG_COMPILER_APPICON_NAME = AppIcon;
				ASSETCATALOG_COMPILER_GLOBAL_ACCENT_COLOR_NAME = AccentColor;
				CODE_SIGN_ENTITLEMENTS = MopconKeynote/MopconKeynote.entitlements;
				CODE_SIGN_STYLE = Automatic;
				COMBINE_HIDPI_IMAGES = YES;
				CURRENT_PROJECT_VERSION = 1;
				DEVELOPMENT_ASSET_PATHS = "\"MopconKeynote/Preview Content\"";
				DEVELOPMENT_TEAM = PJPD95M4QP;
				ENABLE_HARDENED_RUNTIME = YES;
				ENABLE_PREVIEWS = YES;
				GENERATE_INFOPLIST_FILE = YES;
				INFOPLIST_KEY_NSHumanReadableCopyright = "";
				LD_RUNPATH_SEARCH_PATHS = (
					"$(inherited)",
					"@executable_path/../Frameworks",
				);
				MACOSX_DEPLOYMENT_TARGET = 12.2;
				MARKETING_VERSION = 1.0;
				PRODUCT_BUNDLE_IDENTIFIER = CMoney.MopconKeynote;
				PRODUCT_NAME = "$(TARGET_NAME)";
				SWIFT_EMIT_LOC_STRINGS = YES;
				SWIFT_VERSION = 5.0;
			};
			name = Release;
		};
/* End XCBuildConfiguration section */

/* Begin XCConfigurationList section */
		9BB0D86228D4822B00EEB233 /* Build configuration list for PBXProject "MopconKeynote" */ = {
			isa = XCConfigurationList;
			buildConfigurations = (
				9BB0D87428D4822E00EEB233 /* Debug */,
				9BB0D87528D4822E00EEB233 /* Release */,
			);
			defaultConfigurationIsVisible = 0;
			defaultConfigurationName = Release;
		};
		9BB0D87628D4822E00EEB233 /* Build configuration list for PBXNativeTarget "MopconKeynote" */ = {
			isa = XCConfigurationList;
			buildConfigurations = (
				9BB0D87728D4822E00EEB233 /* Debug */,
				9BB0D87828D4822E00EEB233 /* Release */,
			);
			defaultConfigurationIsVisible = 0;
			defaultConfigurationName = Release;
		};
/* End XCConfigurationList section */
	};
	rootObject = 9BB0D85F28D4822B00EEB233 /* Project object */;
}
