// !$*UTF8*$!
{
	archiveVersion = 1;
	classes = {
	};
	objectVersion = 55;
	objects = {

/* Begin PBXBuildFile section */
		9B1EEBE52882ABC6003D05F5 /* InfiniteMonkeyTypingApp.swift in Sources */ = {isa = PBXBuildFile; fileRef = 9B1EEBE42882ABC6003D05F5 /* InfiniteMonkeyTypingApp.swift */; };
		9B1EEBE92882ABC8003D05F5 /* Assets.xcassets in Resources */ = {isa = PBXBuildFile; fileRef = 9B1EEBE82882ABC8003D05F5 /* Assets.xcassets */; };
		9B1EEBEC2882ABC8003D05F5 /* Preview Assets.xcassets in Resources */ = {isa = PBXBuildFile; fileRef = 9B1EEBEB2882ABC8003D05F5 /* Preview Assets.xcassets */; };
		9B1EEBF62882ABC8003D05F5 /* InfiniteMonkeyTypingTests.swift in Sources */ = {isa = PBXBuildFile; fileRef = 9B1EEBF52882ABC8003D05F5 /* InfiniteMonkeyTypingTests.swift */; };
		9B1EEC002882ABC8003D05F5 /* InfiniteMonkeyTypingUITests.swift in Sources */ = {isa = PBXBuildFile; fileRef = 9B1EEBFF2882ABC8003D05F5 /* InfiniteMonkeyTypingUITests.swift */; };
		9B1EEC022882ABC8003D05F5 /* InfiniteMonkeyTypingUITestsLaunchTests.swift in Sources */ = {isa = PBXBuildFile; fileRef = 9B1EEC012882ABC8003D05F5 /* InfiniteMonkeyTypingUITestsLaunchTests.swift */; };
		9B1EEC102882AC78003D05F5 /* InfiniteMonkeyTypingContentView.swift in Sources */ = {isa = PBXBuildFile; fileRef = 9B1EEC0F2882AC78003D05F5 /* InfiniteMonkeyTypingContentView.swift */; };
		9B1EEC132883032C003D05F5 /* TextView.swift in Sources */ = {isa = PBXBuildFile; fileRef = 9B1EEC122883032C003D05F5 /* TextView.swift */; };
		9B1EEC1728830A32003D05F5 /* TypingMonkey.swift in Sources */ = {isa = PBXBuildFile; fileRef = 9B1EEC1628830A32003D05F5 /* TypingMonkey.swift */; };
		9B1EEC1A28830B3F003D05F5 /* TypingResultJudge.swift in Sources */ = {isa = PBXBuildFile; fileRef = 9B1EEC1928830B3F003D05F5 /* TypingResultJudge.swift */; };
/* End PBXBuildFile section */

/* Begin PBXContainerItemProxy section */
		9B1EEBF22882ABC8003D05F5 /* PBXContainerItemProxy */ = {
			isa = PBXContainerItemProxy;
			containerPortal = 9B1EEBD92882ABC6003D05F5 /* Project object */;
			proxyType = 1;
			remoteGlobalIDString = 9B1EEBE02882ABC6003D05F5;
			remoteInfo = InfiniteMonkeyTyping;
		};
		9B1EEBFC2882ABC8003D05F5 /* PBXContainerItemProxy */ = {
			isa = PBXContainerItemProxy;
			containerPortal = 9B1EEBD92882ABC6003D05F5 /* Project object */;
			proxyType = 1;
			remoteGlobalIDString = 9B1EEBE02882ABC6003D05F5;
			remoteInfo = InfiniteMonkeyTyping;
		};
/* End PBXContainerItemProxy section */

/* Begin PBXFileReference section */
		9B1EEBE12882ABC6003D05F5 /* InfiniteMonkeyTyping.app */ = {isa = PBXFileReference; explicitFileType = wrapper.application; includeInIndex = 0; path = InfiniteMonkeyTyping.app; sourceTree = BUILT_PRODUCTS_DIR; };
		9B1EEBE42882ABC6003D05F5 /* InfiniteMonkeyTypingApp.swift */ = {isa = PBXFileReference; lastKnownFileType = sourcecode.swift; path = InfiniteMonkeyTypingApp.swift; sourceTree = "<group>"; };
		9B1EEBE82882ABC8003D05F5 /* Assets.xcassets */ = {isa = PBXFileReference; lastKnownFileType = folder.assetcatalog; path = Assets.xcassets; sourceTree = "<group>"; };
		9B1EEBEB2882ABC8003D05F5 /* Preview Assets.xcassets */ = {isa = PBXFileReference; lastKnownFileType = folder.assetcatalog; path = "Preview Assets.xcassets"; sourceTree = "<group>"; };
		9B1EEBF12882ABC8003D05F5 /* InfiniteMonkeyTypingTests.xctest */ = {isa = PBXFileReference; explicitFileType = wrapper.cfbundle; includeInIndex = 0; path = InfiniteMonkeyTypingTests.xctest; sourceTree = BUILT_PRODUCTS_DIR; };
		9B1EEBF52882ABC8003D05F5 /* InfiniteMonkeyTypingTests.swift */ = {isa = PBXFileReference; lastKnownFileType = sourcecode.swift; path = InfiniteMonkeyTypingTests.swift; sourceTree = "<group>"; };
		9B1EEBFB2882ABC8003D05F5 /* InfiniteMonkeyTypingUITests.xctest */ = {isa = PBXFileReference; explicitFileType = wrapper.cfbundle; includeInIndex = 0; path = InfiniteMonkeyTypingUITests.xctest; sourceTree = BUILT_PRODUCTS_DIR; };
		9B1EEBFF2882ABC8003D05F5 /* InfiniteMonkeyTypingUITests.swift */ = {isa = PBXFileReference; lastKnownFileType = sourcecode.swift; path = InfiniteMonkeyTypingUITests.swift; sourceTree = "<group>"; };
		9B1EEC012882ABC8003D05F5 /* InfiniteMonkeyTypingUITestsLaunchTests.swift */ = {isa = PBXFileReference; lastKnownFileType = sourcecode.swift; path = InfiniteMonkeyTypingUITestsLaunchTests.swift; sourceTree = "<group>"; };
		9B1EEC0F2882AC78003D05F5 /* InfiniteMonkeyTypingContentView.swift */ = {isa = PBXFileReference; lastKnownFileType = sourcecode.swift; path = InfiniteMonkeyTypingContentView.swift; sourceTree = "<group>"; };
		9B1EEC122883032C003D05F5 /* TextView.swift */ = {isa = PBXFileReference; lastKnownFileType = sourcecode.swift; path = TextView.swift; sourceTree = "<group>"; };
		9B1EEC1628830A32003D05F5 /* TypingMonkey.swift */ = {isa = PBXFileReference; lastKnownFileType = sourcecode.swift; path = TypingMonkey.swift; sourceTree = "<group>"; };
		9B1EEC1928830B3F003D05F5 /* TypingResultJudge.swift */ = {isa = PBXFileReference; lastKnownFileType = sourcecode.swift; path = TypingResultJudge.swift; sourceTree = "<group>"; };
/* End PBXFileReference section */

/* Begin PBXFrameworksBuildPhase section */
		9B1EEBDE2882ABC6003D05F5 /* Frameworks */ = {
			isa = PBXFrameworksBuildPhase;
			buildActionMask = 2147483647;
			files = (
			);
			runOnlyForDeploymentPostprocessing = 0;
		};
		9B1EEBEE2882ABC8003D05F5 /* Frameworks */ = {
			isa = PBXFrameworksBuildPhase;
			buildActionMask = 2147483647;
			files = (
			);
			runOnlyForDeploymentPostprocessing = 0;
		};
		9B1EEBF82882ABC8003D05F5 /* Frameworks */ = {
			isa = PBXFrameworksBuildPhase;
			buildActionMask = 2147483647;
			files = (
			);
			runOnlyForDeploymentPostprocessing = 0;
		};
/* End PBXFrameworksBuildPhase section */

/* Begin PBXGroup section */
		9B1EEBD82882ABC6003D05F5 = {
			isa = PBXGroup;
			children = (
				9B1EEBE32882ABC6003D05F5 /* InfiniteMonkeyTyping */,
				9B1EEBF42882ABC8003D05F5 /* InfiniteMonkeyTypingTests */,
				9B1EEBFE2882ABC8003D05F5 /* InfiniteMonkeyTypingUITests */,
				9B1EEBE22882ABC6003D05F5 /* Products */,
			);
			sourceTree = "<group>";
		};
		9B1EEBE22882ABC6003D05F5 /* Products */ = {
			isa = PBXGroup;
			children = (
				9B1EEBE12882ABC6003D05F5 /* InfiniteMonkeyTyping.app */,
				9B1EEBF12882ABC8003D05F5 /* InfiniteMonkeyTypingTests.xctest */,
				9B1EEBFB2882ABC8003D05F5 /* InfiniteMonkeyTypingUITests.xctest */,
			);
			name = Products;
			sourceTree = "<group>";
		};
		9B1EEBE32882ABC6003D05F5 /* InfiniteMonkeyTyping */ = {
			isa = PBXGroup;
			children = (
				9B1EEBE42882ABC6003D05F5 /* InfiniteMonkeyTypingApp.swift */,
				9B1EEC1428830A1E003D05F5 /* Models */,
				9B1EEC0E2882AC1F003D05F5 /* Views */,
				9B1EEBE82882ABC8003D05F5 /* Assets.xcassets */,
				9B1EEBEA2882ABC8003D05F5 /* Preview Content */,
			);
			path = InfiniteMonkeyTyping;
			sourceTree = "<group>";
		};
		9B1EEBEA2882ABC8003D05F5 /* Preview Content */ = {
			isa = PBXGroup;
			children = (
				9B1EEBEB2882ABC8003D05F5 /* Preview Assets.xcassets */,
			);
			path = "Preview Content";
			sourceTree = "<group>";
		};
		9B1EEBF42882ABC8003D05F5 /* InfiniteMonkeyTypingTests */ = {
			isa = PBXGroup;
			children = (
				9B1EEBF52882ABC8003D05F5 /* InfiniteMonkeyTypingTests.swift */,
			);
			path = InfiniteMonkeyTypingTests;
			sourceTree = "<group>";
		};
		9B1EEBFE2882ABC8003D05F5 /* InfiniteMonkeyTypingUITests */ = {
			isa = PBXGroup;
			children = (
				9B1EEBFF2882ABC8003D05F5 /* InfiniteMonkeyTypingUITests.swift */,
				9B1EEC012882ABC8003D05F5 /* InfiniteMonkeyTypingUITestsLaunchTests.swift */,
			);
			path = InfiniteMonkeyTypingUITests;
			sourceTree = "<group>";
		};
		9B1EEC0E2882AC1F003D05F5 /* Views */ = {
			isa = PBXGroup;
			children = (
				9B1EEC1128830307003D05F5 /* UITextView */,
				9B1EEC0F2882AC78003D05F5 /* InfiniteMonkeyTypingContentView.swift */,
			);
			path = Views;
			sourceTree = "<group>";
		};
		9B1EEC1128830307003D05F5 /* UITextView */ = {
			isa = PBXGroup;
			children = (
				9B1EEC122883032C003D05F5 /* TextView.swift */,
			);
			path = UITextView;
			sourceTree = "<group>";
		};
		9B1EEC1428830A1E003D05F5 /* Models */ = {
			isa = PBXGroup;
			children = (
				9B1EEC1828830B31003D05F5 /* TypingResultJudge */,
				9B1EEC1528830A22003D05F5 /* TypingMonkey */,
			);
			path = Models;
			sourceTree = "<group>";
		};
		9B1EEC1528830A22003D05F5 /* TypingMonkey */ = {
			isa = PBXGroup;
			children = (
				9B1EEC1628830A32003D05F5 /* TypingMonkey.swift */,
			);
			path = TypingMonkey;
			sourceTree = "<group>";
		};
		9B1EEC1828830B31003D05F5 /* TypingResultJudge */ = {
			isa = PBXGroup;
			children = (
				9B1EEC1928830B3F003D05F5 /* TypingResultJudge.swift */,
			);
			path = TypingResultJudge;
			sourceTree = "<group>";
		};
/* End PBXGroup section */

/* Begin PBXNativeTarget section */
		9B1EEBE02882ABC6003D05F5 /* InfiniteMonkeyTyping */ = {
			isa = PBXNativeTarget;
			buildConfigurationList = 9B1EEC052882ABC8003D05F5 /* Build configuration list for PBXNativeTarget "InfiniteMonkeyTyping" */;
			buildPhases = (
				9B1EEBDD2882ABC6003D05F5 /* Sources */,
				9B1EEBDE2882ABC6003D05F5 /* Frameworks */,
				9B1EEBDF2882ABC6003D05F5 /* Resources */,
			);
			buildRules = (
			);
			dependencies = (
			);
			name = InfiniteMonkeyTyping;
			productName = InfiniteMonkeyTyping;
			productReference = 9B1EEBE12882ABC6003D05F5 /* InfiniteMonkeyTyping.app */;
			productType = "com.apple.product-type.application";
		};
		9B1EEBF02882ABC8003D05F5 /* InfiniteMonkeyTypingTests */ = {
			isa = PBXNativeTarget;
			buildConfigurationList = 9B1EEC082882ABC8003D05F5 /* Build configuration list for PBXNativeTarget "InfiniteMonkeyTypingTests" */;
			buildPhases = (
				9B1EEBED2882ABC8003D05F5 /* Sources */,
				9B1EEBEE2882ABC8003D05F5 /* Frameworks */,
				9B1EEBEF2882ABC8003D05F5 /* Resources */,
			);
			buildRules = (
			);
			dependencies = (
				9B1EEBF32882ABC8003D05F5 /* PBXTargetDependency */,
			);
			name = InfiniteMonkeyTypingTests;
			productName = InfiniteMonkeyTypingTests;
			productReference = 9B1EEBF12882ABC8003D05F5 /* InfiniteMonkeyTypingTests.xctest */;
			productType = "com.apple.product-type.bundle.unit-test";
		};
		9B1EEBFA2882ABC8003D05F5 /* InfiniteMonkeyTypingUITests */ = {
			isa = PBXNativeTarget;
			buildConfigurationList = 9B1EEC0B2882ABC8003D05F5 /* Build configuration list for PBXNativeTarget "InfiniteMonkeyTypingUITests" */;
			buildPhases = (
				9B1EEBF72882ABC8003D05F5 /* Sources */,
				9B1EEBF82882ABC8003D05F5 /* Frameworks */,
				9B1EEBF92882ABC8003D05F5 /* Resources */,
			);
			buildRules = (
			);
			dependencies = (
				9B1EEBFD2882ABC8003D05F5 /* PBXTargetDependency */,
			);
			name = InfiniteMonkeyTypingUITests;
			productName = InfiniteMonkeyTypingUITests;
			productReference = 9B1EEBFB2882ABC8003D05F5 /* InfiniteMonkeyTypingUITests.xctest */;
			productType = "com.apple.product-type.bundle.ui-testing";
		};
/* End PBXNativeTarget section */

/* Begin PBXProject section */
		9B1EEBD92882ABC6003D05F5 /* Project object */ = {
			isa = PBXProject;
			attributes = {
				BuildIndependentTargetsInParallel = 1;
				LastSwiftUpdateCheck = 1320;
				LastUpgradeCheck = 1320;
				TargetAttributes = {
					9B1EEBE02882ABC6003D05F5 = {
						CreatedOnToolsVersion = 13.2.1;
					};
					9B1EEBF02882ABC8003D05F5 = {
						CreatedOnToolsVersion = 13.2.1;
						TestTargetID = 9B1EEBE02882ABC6003D05F5;
					};
					9B1EEBFA2882ABC8003D05F5 = {
						CreatedOnToolsVersion = 13.2.1;
						TestTargetID = 9B1EEBE02882ABC6003D05F5;
					};
				};
			};
			buildConfigurationList = 9B1EEBDC2882ABC6003D05F5 /* Build configuration list for PBXProject "InfiniteMonkeyTyping" */;
			compatibilityVersion = "Xcode 13.0";
			developmentRegion = en;
			hasScannedForEncodings = 0;
			knownRegions = (
				en,
				Base,
			);
			mainGroup = 9B1EEBD82882ABC6003D05F5;
			productRefGroup = 9B1EEBE22882ABC6003D05F5 /* Products */;
			projectDirPath = "";
			projectRoot = "";
			targets = (
				9B1EEBE02882ABC6003D05F5 /* InfiniteMonkeyTyping */,
				9B1EEBF02882ABC8003D05F5 /* InfiniteMonkeyTypingTests */,
				9B1EEBFA2882ABC8003D05F5 /* InfiniteMonkeyTypingUITests */,
			);
		};
/* End PBXProject section */

/* Begin PBXResourcesBuildPhase section */
		9B1EEBDF2882ABC6003D05F5 /* Resources */ = {
			isa = PBXResourcesBuildPhase;
			buildActionMask = 2147483647;
			files = (
				9B1EEBEC2882ABC8003D05F5 /* Preview Assets.xcassets in Resources */,
				9B1EEBE92882ABC8003D05F5 /* Assets.xcassets in Resources */,
			);
			runOnlyForDeploymentPostprocessing = 0;
		};
		9B1EEBEF2882ABC8003D05F5 /* Resources */ = {
			isa = PBXResourcesBuildPhase;
			buildActionMask = 2147483647;
			files = (
			);
			runOnlyForDeploymentPostprocessing = 0;
		};
		9B1EEBF92882ABC8003D05F5 /* Resources */ = {
			isa = PBXResourcesBuildPhase;
			buildActionMask = 2147483647;
			files = (
			);
			runOnlyForDeploymentPostprocessing = 0;
		};
/* End PBXResourcesBuildPhase section */

/* Begin PBXSourcesBuildPhase section */
		9B1EEBDD2882ABC6003D05F5 /* Sources */ = {
			isa = PBXSourcesBuildPhase;
			buildActionMask = 2147483647;
			files = (
				9B1EEC1A28830B3F003D05F5 /* TypingResultJudge.swift in Sources */,
				9B1EEC132883032C003D05F5 /* TextView.swift in Sources */,
				9B1EEC102882AC78003D05F5 /* InfiniteMonkeyTypingContentView.swift in Sources */,
				9B1EEBE52882ABC6003D05F5 /* InfiniteMonkeyTypingApp.swift in Sources */,
				9B1EEC1728830A32003D05F5 /* TypingMonkey.swift in Sources */,
			);
			runOnlyForDeploymentPostprocessing = 0;
		};
		9B1EEBED2882ABC8003D05F5 /* Sources */ = {
			isa = PBXSourcesBuildPhase;
			buildActionMask = 2147483647;
			files = (
				9B1EEBF62882ABC8003D05F5 /* InfiniteMonkeyTypingTests.swift in Sources */,
			);
			runOnlyForDeploymentPostprocessing = 0;
		};
		9B1EEBF72882ABC8003D05F5 /* Sources */ = {
			isa = PBXSourcesBuildPhase;
			buildActionMask = 2147483647;
			files = (
				9B1EEC022882ABC8003D05F5 /* InfiniteMonkeyTypingUITestsLaunchTests.swift in Sources */,
				9B1EEC002882ABC8003D05F5 /* InfiniteMonkeyTypingUITests.swift in Sources */,
			);
			runOnlyForDeploymentPostprocessing = 0;
		};
/* End PBXSourcesBuildPhase section */

/* Begin PBXTargetDependency section */
		9B1EEBF32882ABC8003D05F5 /* PBXTargetDependency */ = {
			isa = PBXTargetDependency;
			target = 9B1EEBE02882ABC6003D05F5 /* InfiniteMonkeyTyping */;
			targetProxy = 9B1EEBF22882ABC8003D05F5 /* PBXContainerItemProxy */;
		};
		9B1EEBFD2882ABC8003D05F5 /* PBXTargetDependency */ = {
			isa = PBXTargetDependency;
			target = 9B1EEBE02882ABC6003D05F5 /* InfiniteMonkeyTyping */;
			targetProxy = 9B1EEBFC2882ABC8003D05F5 /* PBXContainerItemProxy */;
		};
/* End PBXTargetDependency section */

/* Begin XCBuildConfiguration section */
		9B1EEC032882ABC8003D05F5 /* Debug */ = {
			isa = XCBuildConfiguration;
			buildSettings = {
				ALWAYS_SEARCH_USER_PATHS = NO;
				CLANG_ANALYZER_NONNULL = YES;
				CLANG_ANALYZER_NUMBER_OBJECT_CONVERSION = YES_AGGRESSIVE;
				CLANG_CXX_LANGUAGE_STANDARD = "gnu++17";
				CLANG_CXX_LIBRARY = "libc++";
				CLANG_ENABLE_MODULES = YES;
				CLANG_ENABLE_OBJC_ARC = YES;
				CLANG_ENABLE_OBJC_WEAK = YES;
				CLANG_WARN_BLOCK_CAPTURE_AUTORELEASING = YES;
				CLANG_WARN_BOOL_CONVERSION = YES;
				CLANG_WARN_COMMA = YES;
				CLANG_WARN_CONSTANT_CONVERSION = YES;
				CLANG_WARN_DEPRECATED_OBJC_IMPLEMENTATIONS = YES;
				CLANG_WARN_DIRECT_OBJC_ISA_USAGE = YES_ERROR;
				CLANG_WARN_DOCUMENTATION_COMMENTS = YES;
				CLANG_WARN_EMPTY_BODY = YES;
				CLANG_WARN_ENUM_CONVERSION = YES;
				CLANG_WARN_INFINITE_RECURSION = YES;
				CLANG_WARN_INT_CONVERSION = YES;
				CLANG_WARN_NON_LITERAL_NULL_CONVERSION = YES;
				CLANG_WARN_OBJC_IMPLICIT_RETAIN_SELF = YES;
				CLANG_WARN_OBJC_LITERAL_CONVERSION = YES;
				CLANG_WARN_OBJC_ROOT_CLASS = YES_ERROR;
				CLANG_WARN_QUOTED_INCLUDE_IN_FRAMEWORK_HEADER = YES;
				CLANG_WARN_RANGE_LOOP_ANALYSIS = YES;
				CLANG_WARN_STRICT_PROTOTYPES = YES;
				CLANG_WARN_SUSPICIOUS_MOVE = YES;
				CLANG_WARN_UNGUARDED_AVAILABILITY = YES_AGGRESSIVE;
				CLANG_WARN_UNREACHABLE_CODE = YES;
				CLANG_WARN__DUPLICATE_METHOD_MATCH = YES;
				COPY_PHASE_STRIP = NO;
				DEBUG_INFORMATION_FORMAT = dwarf;
				ENABLE_STRICT_OBJC_MSGSEND = YES;
				ENABLE_TESTABILITY = YES;
				GCC_C_LANGUAGE_STANDARD = gnu11;
				GCC_DYNAMIC_NO_PIC = NO;
				GCC_NO_COMMON_BLOCKS = YES;
				GCC_OPTIMIZATION_LEVEL = 0;
				GCC_PREPROCESSOR_DEFINITIONS = (
					"DEBUG=1",
					"$(inherited)",
				);
				GCC_WARN_64_TO_32_BIT_CONVERSION = YES;
				GCC_WARN_ABOUT_RETURN_TYPE = YES_ERROR;
				GCC_WARN_UNDECLARED_SELECTOR = YES;
				GCC_WARN_UNINITIALIZED_AUTOS = YES_AGGRESSIVE;
				GCC_WARN_UNUSED_FUNCTION = YES;
				GCC_WARN_UNUSED_VARIABLE = YES;
				IPHONEOS_DEPLOYMENT_TARGET = 15.2;
				MTL_ENABLE_DEBUG_INFO = INCLUDE_SOURCE;
				MTL_FAST_MATH = YES;
				ONLY_ACTIVE_ARCH = YES;
				SDKROOT = iphoneos;
				SWIFT_ACTIVE_COMPILATION_CONDITIONS = DEBUG;
				SWIFT_OPTIMIZATION_LEVEL = "-Onone";
			};
			name = Debug;
		};
		9B1EEC042882ABC8003D05F5 /* Release */ = {
			isa = XCBuildConfiguration;
			buildSettings = {
				ALWAYS_SEARCH_USER_PATHS = NO;
				CLANG_ANALYZER_NONNULL = YES;
				CLANG_ANALYZER_NUMBER_OBJECT_CONVERSION = YES_AGGRESSIVE;
				CLANG_CXX_LANGUAGE_STANDARD = "gnu++17";
				CLANG_CXX_LIBRARY = "libc++";
				CLANG_ENABLE_MODULES = YES;
				CLANG_ENABLE_OBJC_ARC = YES;
				CLANG_ENABLE_OBJC_WEAK = YES;
				CLANG_WARN_BLOCK_CAPTURE_AUTORELEASING = YES;
				CLANG_WARN_BOOL_CONVERSION = YES;
				CLANG_WARN_COMMA = YES;
				CLANG_WARN_CONSTANT_CONVERSION = YES;
				CLANG_WARN_DEPRECATED_OBJC_IMPLEMENTATIONS = YES;
				CLANG_WARN_DIRECT_OBJC_ISA_USAGE = YES_ERROR;
				CLANG_WARN_DOCUMENTATION_COMMENTS = YES;
				CLANG_WARN_EMPTY_BODY = YES;
				CLANG_WARN_ENUM_CONVERSION = YES;
				CLANG_WARN_INFINITE_RECURSION = YES;
				CLANG_WARN_INT_CONVERSION = YES;
				CLANG_WARN_NON_LITERAL_NULL_CONVERSION = YES;
				CLANG_WARN_OBJC_IMPLICIT_RETAIN_SELF = YES;
				CLANG_WARN_OBJC_LITERAL_CONVERSION = YES;
				CLANG_WARN_OBJC_ROOT_CLASS = YES_ERROR;
				CLANG_WARN_QUOTED_INCLUDE_IN_FRAMEWORK_HEADER = YES;
				CLANG_WARN_RANGE_LOOP_ANALYSIS = YES;
				CLANG_WARN_STRICT_PROTOTYPES = YES;
				CLANG_WARN_SUSPICIOUS_MOVE = YES;
				CLANG_WARN_UNGUARDED_AVAILABILITY = YES_AGGRESSIVE;
				CLANG_WARN_UNREACHABLE_CODE = YES;
				CLANG_WARN__DUPLICATE_METHOD_MATCH = YES;
				COPY_PHASE_STRIP = NO;
				DEBUG_INFORMATION_FORMAT = "dwarf-with-dsym";
				ENABLE_NS_ASSERTIONS = NO;
				ENABLE_STRICT_OBJC_MSGSEND = YES;
				GCC_C_LANGUAGE_STANDARD = gnu11;
				GCC_NO_COMMON_BLOCKS = YES;
				GCC_WARN_64_TO_32_BIT_CONVERSION = YES;
				GCC_WARN_ABOUT_RETURN_TYPE = YES_ERROR;
				GCC_WARN_UNDECLARED_SELECTOR = YES;
				GCC_WARN_UNINITIALIZED_AUTOS = YES_AGGRESSIVE;
				GCC_WARN_UNUSED_FUNCTION = YES;
				GCC_WARN_UNUSED_VARIABLE = YES;
				IPHONEOS_DEPLOYMENT_TARGET = 15.2;
				MTL_ENABLE_DEBUG_INFO = NO;
				MTL_FAST_MATH = YES;
				SDKROOT = iphoneos;
				SWIFT_COMPILATION_MODE = wholemodule;
				SWIFT_OPTIMIZATION_LEVEL = "-O";
				VALIDATE_PRODUCT = YES;
			};
			name = Release;
		};
		9B1EEC062882ABC8003D05F5 /* Debug */ = {
			isa = XCBuildConfiguration;
			buildSettings = {
				ASSETCATALOG_COMPILER_APPICON_NAME = AppIcon;
				ASSETCATALOG_COMPILER_GLOBAL_ACCENT_COLOR_NAME = AccentColor;
				CODE_SIGN_STYLE = Automatic;
				CURRENT_PROJECT_VERSION = 1;
				DEVELOPMENT_ASSET_PATHS = "\"InfiniteMonkeyTyping/Preview Content\"";
				DEVELOPMENT_TEAM = PJPD95M4QP;
				ENABLE_PREVIEWS = YES;
				GENERATE_INFOPLIST_FILE = YES;
				INFOPLIST_KEY_UIApplicationSceneManifest_Generation = YES;
				INFOPLIST_KEY_UIApplicationSupportsIndirectInputEvents = YES;
				INFOPLIST_KEY_UILaunchScreen_Generation = YES;
				INFOPLIST_KEY_UISupportedInterfaceOrientations_iPad = "UIInterfaceOrientationPortrait UIInterfaceOrientationPortraitUpsideDown UIInterfaceOrientationLandscapeLeft UIInterfaceOrientationLandscapeRight";
				INFOPLIST_KEY_UISupportedInterfaceOrientations_iPhone = "UIInterfaceOrientationPortrait UIInterfaceOrientationLandscapeLeft UIInterfaceOrientationLandscapeRight";
				LD_RUNPATH_SEARCH_PATHS = (
					"$(inherited)",
					"@executable_path/Frameworks",
				);
				MARKETING_VERSION = 1.0;
				PRODUCT_BUNDLE_IDENTIFIER = io.marvinLin.InfiniteMonkeyTyping;
				PRODUCT_NAME = "$(TARGET_NAME)";
				SWIFT_EMIT_LOC_STRINGS = YES;
				SWIFT_VERSION = 5.0;
				TARGETED_DEVICE_FAMILY = "1,2";
			};
			name = Debug;
		};
		9B1EEC072882ABC8003D05F5 /* Release */ = {
			isa = XCBuildConfiguration;
			buildSettings = {
				ASSETCATALOG_COMPILER_APPICON_NAME = AppIcon;
				ASSETCATALOG_COMPILER_GLOBAL_ACCENT_COLOR_NAME = AccentColor;
				CODE_SIGN_STYLE = Automatic;
				CURRENT_PROJECT_VERSION = 1;
				DEVELOPMENT_ASSET_PATHS = "\"InfiniteMonkeyTyping/Preview Content\"";
				DEVELOPMENT_TEAM = PJPD95M4QP;
				ENABLE_PREVIEWS = YES;
				GENERATE_INFOPLIST_FILE = YES;
				INFOPLIST_KEY_UIApplicationSceneManifest_Generation = YES;
				INFOPLIST_KEY_UIApplicationSupportsIndirectInputEvents = YES;
				INFOPLIST_KEY_UILaunchScreen_Generation = YES;
				INFOPLIST_KEY_UISupportedInterfaceOrientations_iPad = "UIInterfaceOrientationPortrait UIInterfaceOrientationPortraitUpsideDown UIInterfaceOrientationLandscapeLeft UIInterfaceOrientationLandscapeRight";
				INFOPLIST_KEY_UISupportedInterfaceOrientations_iPhone = "UIInterfaceOrientationPortrait UIInterfaceOrientationLandscapeLeft UIInterfaceOrientationLandscapeRight";
				LD_RUNPATH_SEARCH_PATHS = (
					"$(inherited)",
					"@executable_path/Frameworks",
				);
				MARKETING_VERSION = 1.0;
				PRODUCT_BUNDLE_IDENTIFIER = io.marvinLin.InfiniteMonkeyTyping;
				PRODUCT_NAME = "$(TARGET_NAME)";
				SWIFT_EMIT_LOC_STRINGS = YES;
				SWIFT_VERSION = 5.0;
				TARGETED_DEVICE_FAMILY = "1,2";
			};
			name = Release;
		};
		9B1EEC092882ABC8003D05F5 /* Debug */ = {
			isa = XCBuildConfiguration;
			buildSettings = {
				ALWAYS_EMBED_SWIFT_STANDARD_LIBRARIES = YES;
				BUNDLE_LOADER = "$(TEST_HOST)";
				CODE_SIGN_STYLE = Automatic;
				CURRENT_PROJECT_VERSION = 1;
				DEVELOPMENT_TEAM = PJPD95M4QP;
				GENERATE_INFOPLIST_FILE = YES;
				IPHONEOS_DEPLOYMENT_TARGET = 15.2;
				MARKETING_VERSION = 1.0;
				PRODUCT_BUNDLE_IDENTIFIER = io.marvinLin.InfiniteMonkeyTypingTests;
				PRODUCT_NAME = "$(TARGET_NAME)";
				SWIFT_EMIT_LOC_STRINGS = NO;
				SWIFT_VERSION = 5.0;
				TARGETED_DEVICE_FAMILY = "1,2";
				TEST_HOST = "$(BUILT_PRODUCTS_DIR)/InfiniteMonkeyTyping.app/InfiniteMonkeyTyping";
			};
			name = Debug;
		};
		9B1EEC0A2882ABC8003D05F5 /* Release */ = {
			isa = XCBuildConfiguration;
			buildSettings = {
				ALWAYS_EMBED_SWIFT_STANDARD_LIBRARIES = YES;
				BUNDLE_LOADER = "$(TEST_HOST)";
				CODE_SIGN_STYLE = Automatic;
				CURRENT_PROJECT_VERSION = 1;
				DEVELOPMENT_TEAM = PJPD95M4QP;
				GENERATE_INFOPLIST_FILE = YES;
				IPHONEOS_DEPLOYMENT_TARGET = 15.2;
				MARKETING_VERSION = 1.0;
				PRODUCT_BUNDLE_IDENTIFIER = io.marvinLin.InfiniteMonkeyTypingTests;
				PRODUCT_NAME = "$(TARGET_NAME)";
				SWIFT_EMIT_LOC_STRINGS = NO;
				SWIFT_VERSION = 5.0;
				TARGETED_DEVICE_FAMILY = "1,2";
				TEST_HOST = "$(BUILT_PRODUCTS_DIR)/InfiniteMonkeyTyping.app/InfiniteMonkeyTyping";
			};
			name = Release;
		};
		9B1EEC0C2882ABC8003D05F5 /* Debug */ = {
			isa = XCBuildConfiguration;
			buildSettings = {
				ALWAYS_EMBED_SWIFT_STANDARD_LIBRARIES = YES;
				CODE_SIGN_STYLE = Automatic;
				CURRENT_PROJECT_VERSION = 1;
				DEVELOPMENT_TEAM = PJPD95M4QP;
				GENERATE_INFOPLIST_FILE = YES;
				MARKETING_VERSION = 1.0;
				PRODUCT_BUNDLE_IDENTIFIER = io.marvinLin.InfiniteMonkeyTypingUITests;
				PRODUCT_NAME = "$(TARGET_NAME)";
				SWIFT_EMIT_LOC_STRINGS = NO;
				SWIFT_VERSION = 5.0;
				TARGETED_DEVICE_FAMILY = "1,2";
				TEST_TARGET_NAME = InfiniteMonkeyTyping;
			};
			name = Debug;
		};
		9B1EEC0D2882ABC8003D05F5 /* Release */ = {
			isa = XCBuildConfiguration;
			buildSettings = {
				ALWAYS_EMBED_SWIFT_STANDARD_LIBRARIES = YES;
				CODE_SIGN_STYLE = Automatic;
				CURRENT_PROJECT_VERSION = 1;
				DEVELOPMENT_TEAM = PJPD95M4QP;
				GENERATE_INFOPLIST_FILE = YES;
				MARKETING_VERSION = 1.0;
				PRODUCT_BUNDLE_IDENTIFIER = io.marvinLin.InfiniteMonkeyTypingUITests;
				PRODUCT_NAME = "$(TARGET_NAME)";
				SWIFT_EMIT_LOC_STRINGS = NO;
				SWIFT_VERSION = 5.0;
				TARGETED_DEVICE_FAMILY = "1,2";
				TEST_TARGET_NAME = InfiniteMonkeyTyping;
			};
			name = Release;
		};
/* End XCBuildConfiguration section */

/* Begin XCConfigurationList section */
		9B1EEBDC2882ABC6003D05F5 /* Build configuration list for PBXProject "InfiniteMonkeyTyping" */ = {
			isa = XCConfigurationList;
			buildConfigurations = (
				9B1EEC032882ABC8003D05F5 /* Debug */,
				9B1EEC042882ABC8003D05F5 /* Release */,
			);
			defaultConfigurationIsVisible = 0;
			defaultConfigurationName = Release;
		};
		9B1EEC052882ABC8003D05F5 /* Build configuration list for PBXNativeTarget "InfiniteMonkeyTyping" */ = {
			isa = XCConfigurationList;
			buildConfigurations = (
				9B1EEC062882ABC8003D05F5 /* Debug */,
				9B1EEC072882ABC8003D05F5 /* Release */,
			);
			defaultConfigurationIsVisible = 0;
			defaultConfigurationName = Release;
		};
		9B1EEC082882ABC8003D05F5 /* Build configuration list for PBXNativeTarget "InfiniteMonkeyTypingTests" */ = {
			isa = XCConfigurationList;
			buildConfigurations = (
				9B1EEC092882ABC8003D05F5 /* Debug */,
				9B1EEC0A2882ABC8003D05F5 /* Release */,
			);
			defaultConfigurationIsVisible = 0;
			defaultConfigurationName = Release;
		};
		9B1EEC0B2882ABC8003D05F5 /* Build configuration list for PBXNativeTarget "InfiniteMonkeyTypingUITests" */ = {
			isa = XCConfigurationList;
			buildConfigurations = (
				9B1EEC0C2882ABC8003D05F5 /* Debug */,
				9B1EEC0D2882ABC8003D05F5 /* Release */,
			);
			defaultConfigurationIsVisible = 0;
			defaultConfigurationName = Release;
		};
/* End XCConfigurationList section */
	};
	rootObject = 9B1EEBD92882ABC6003D05F5 /* Project object */;
}
